// !$*UTF8*$!
{
	archiveVersion = 1;
	classes = {
	};
	objectVersion = 51;
	objects = {

/* Begin PBXBuildFile section */
		064B14DF87E3F195450E4249 /* AppDelegate.swift in Sources */ = {isa = PBXBuildFile; fileRef = 454781D153C63390100F1746 /* AppDelegate.swift */; };
		083A51651E3D374463272080 /* DinosaurCell.swift in Sources */ = {isa = PBXBuildFile; fileRef = 2D7E8FF327EDD45DB071BDD5 /* DinosaurCell.swift */; };
		0B7AF5DAD752F36709EE77B6 /* EnvironmentValues+Exensions.swift in Sources */ = {isa = PBXBuildFile; fileRef = 703B4DA607DB0970C5D8298E /* EnvironmentValues+Exensions.swift */; };
		0D26991180A34E67785E02B1 /* MockRealmManager.swift in Sources */ = {isa = PBXBuildFile; fileRef = B617BA6DB12A94BCC7172BB8 /* MockRealmManager.swift */; };
		10C4C3FA17981F70B873C8EE /* SettingsListView.swift in Sources */ = {isa = PBXBuildFile; fileRef = 31E5DDE49536BBB64CCF3AE0 /* SettingsListView.swift */; };
		2F72D577ABEB05FC38758799 /* ARKButton.swift in Sources */ = {isa = PBXBuildFile; fileRef = 52274AF2618167B204174AA8 /* ARKButton.swift */; };
		34A063EF8703E90C1504D415 /* LaunchScreen.storyboard in Resources */ = {isa = PBXBuildFile; fileRef = 01023A21540CC4ACDDA64AA1 /* LaunchScreen.storyboard */; };
		3F9A042E5F825081882C9F6B /* DinosaurListView.swift in Sources */ = {isa = PBXBuildFile; fileRef = A7C844547A561EE1C841B8D6 /* DinosaurListView.swift */; };
		4854EA61AFE01389AD087859 /* RoundendPillButtonStyle.swift in Sources */ = {isa = PBXBuildFile; fileRef = 193A7C09541FB3789C910432 /* RoundendPillButtonStyle.swift */; };
		5A6695555A50A04F2B6D8AE5 /* ARKTextFieldScheme.swift in Sources */ = {isa = PBXBuildFile; fileRef = DAFFB6FB09214ADCB538F324 /* ARKTextFieldScheme.swift */; };
		5E43DAF7CE72B4405DFA7E01 /* ARKButtonScheme.swift in Sources */ = {isa = PBXBuildFile; fileRef = B9E67DF5AFF1F5CB79E5C613 /* ARKButtonScheme.swift */; };
		6CA990B8057D497AE0E9F509 /* String+Extensions.swift in Sources */ = {isa = PBXBuildFile; fileRef = 766EC3A3BC3D2D62E765AE44 /* String+Extensions.swift */; };
		6F2695C6537858F283C1B195 /* HomeScreenViewModel.swift in Sources */ = {isa = PBXBuildFile; fileRef = 6FDFBAF751597C2F747BACE2 /* HomeScreenViewModel.swift */; };
		7161458908F03AEE4E5EA745 /* Assets.xcassets in Resources */ = {isa = PBXBuildFile; fileRef = 81ED67E112A72E3C2F924739 /* Assets.xcassets */; };
		7B6FF75953D08AB27DCF389D /* ArkulatorApp.swift in Sources */ = {isa = PBXBuildFile; fileRef = 81F83F844FB06CC48C8E96C2 /* ArkulatorApp.swift */; };
		7BB7FC7F77AFBFBB5F9004E3 /* DinosaurStatsScreen.swift in Sources */ = {isa = PBXBuildFile; fileRef = 48BB187C887157ED0C3E5A70 /* DinosaurStatsScreen.swift */; };
		9691F2E2423EDB1C0E7EC997 /* FormField.swift in Sources */ = {isa = PBXBuildFile; fileRef = EA4CE82E0BCBD2741C5C3057 /* FormField.swift */; };
		9870A92FC6A0AC78005536EC /* SettingsScreen.swift in Sources */ = {isa = PBXBuildFile; fileRef = 4080B11CA63A5852D2B2B8A2 /* SettingsScreen.swift */; };
		998DF2CB03139A0AA7D63C9C /* HomeScreenFactory.swift in Sources */ = {isa = PBXBuildFile; fileRef = C9A0FA964277078ADB9DFCBE /* HomeScreenFactory.swift */; };
		9D0D12F4C3E5443244BB5C77 /* RealmManagerProtocol.swift in Sources */ = {isa = PBXBuildFile; fileRef = DE082CD19F34E8FAD878CEEE /* RealmManagerProtocol.swift */; };
		9FBCF7702DC54EA4F5904671 /* Field.swift in Sources */ = {isa = PBXBuildFile; fileRef = 6FECAAE87067AF1F309E2E47 /* Field.swift */; };
		A2AED51DDDF731D0CB0E6EB2 /* Text+Extensions.swift in Sources */ = {isa = PBXBuildFile; fileRef = 49940729DCC048F763FDAA68 /* Text+Extensions.swift */; };
		A5B1DDDA9FEA309505CE2A26 /* DinosaurStatsScreenFactory.swift in Sources */ = {isa = PBXBuildFile; fileRef = 864B181E2A868EF663EDF9E2 /* DinosaurStatsScreenFactory.swift */; };
		AE97483654A5776A8914D433 /* FloatingButton.swift in Sources */ = {isa = PBXBuildFile; fileRef = 45C049CCEE050C24C4DC75A4 /* FloatingButton.swift */; };
		AF12B2FB8D99D9C286C1F09E /* Array+Extensions.swift in Sources */ = {isa = PBXBuildFile; fileRef = 8A16CAFA318823AD3305F1EB /* Array+Extensions.swift */; };
		AF166315527F02B473BB50D2 /* EditDinosaurScreen.swift in Sources */ = {isa = PBXBuildFile; fileRef = E97B07655A634C157C40A6C0 /* EditDinosaurScreen.swift */; };
		B1559C4344BE5F013704326E /* EditDinosaurViewModelTests.swift in Sources */ = {isa = PBXBuildFile; fileRef = 7424543EE43E3EEFA0A983EF /* EditDinosaurViewModelTests.swift */; };
		B1DCC3B9553105EFFEBD2E67 /* TabsScreen.swift in Sources */ = {isa = PBXBuildFile; fileRef = 57BC13A55EFE04B5FEFA45CC /* TabsScreen.swift */; };
		B74098B45A791D7370F2E617 /* Preview Assets.xcassets in Resources */ = {isa = PBXBuildFile; fileRef = 5ACFF971A6F72EC7ABC0BD84 /* Preview Assets.xcassets */; };
		B9680A51DC4D048456553941 /* Color+Extensions.swift in Sources */ = {isa = PBXBuildFile; fileRef = A715B2BB8CCC58FBBB78966B /* Color+Extensions.swift */; };
		BB999104A8C87BC3A39F4032 /* Pods_Arkulator.framework in Frameworks */ = {isa = PBXBuildFile; fileRef = B02CDD86EF469D85756E6F69 /* Pods_Arkulator.framework */; };
		BEA96F103305C12E1DDFA6F5 /* EditDInosaurScreenFactory.swift in Sources */ = {isa = PBXBuildFile; fileRef = EFEA665713998C7EE2BCF4D5 /* EditDInosaurScreenFactory.swift */; };
		BF6FD5E131C5A7D7294FB511 /* DinosaurStatsViewModelTests.swift in Sources */ = {isa = PBXBuildFile; fileRef = 0DDDF188D109A90D83C46003 /* DinosaurStatsViewModelTests.swift */; };
		CA1019D9FCC8C1C38F515BF1 /* DinosaurStatsViewModel.swift in Sources */ = {isa = PBXBuildFile; fileRef = E7F1DB6FB32BA376AB7427E1 /* DinosaurStatsViewModel.swift */; };
		D3368E26EC4AF6BB243B1D7E /* CustomBackButton.swift in Sources */ = {isa = PBXBuildFile; fileRef = AAD18BEFC21FED2515A32DB7 /* CustomBackButton.swift */; };
		E9297BB5CF3AD6482332EEB1 /* HomeScreenViewModelTests.swift in Sources */ = {isa = PBXBuildFile; fileRef = 45B979045D142A5258165361 /* HomeScreenViewModelTests.swift */; };
		EB15F0008EAB987855DD14FB /* Constants.swift in Sources */ = {isa = PBXBuildFile; fileRef = BC24AD3A93E049CEC4DD58C4 /* Constants.swift */; };
		EF641128CDDE319614C6FEEA /* HomeScreen.swift in Sources */ = {isa = PBXBuildFile; fileRef = 60A48C718E8DB4BCF92BCF8C /* HomeScreen.swift */; };
		F3E224C3FCA2A4D7280714FD /* Pods_ArkulatorTests.framework in Frameworks */ = {isa = PBXBuildFile; fileRef = 6810FA70FC9A5E7DDE9DA1B5 /* Pods_ArkulatorTests.framework */; };
		F4E93D52C46F69070001F443 /* View+Extensions.swift in Sources */ = {isa = PBXBuildFile; fileRef = D194AD9BC41CED2BC89A2CF2 /* View+Extensions.swift */; };
		F52B8D4FFC1E33FBF8F96C04 /* Dinosaur.swift in Sources */ = {isa = PBXBuildFile; fileRef = 5C2D3D9457F73CA328A6BB1B /* Dinosaur.swift */; };
		FBB58C66D56D746C01768C18 /* ARKTextField.swift in Sources */ = {isa = PBXBuildFile; fileRef = 92F199B6E927554E36BD5BEE /* ARKTextField.swift */; };
		FBE27A6E54B23A3E9A3B9053 /* EditDinosaurViewModel.swift in Sources */ = {isa = PBXBuildFile; fileRef = 9A3F77A1929CED24338B56C9 /* EditDinosaurViewModel.swift */; };
		FFFE0DF6FA9FBF961199A14E /* RealmManager.swift in Sources */ = {isa = PBXBuildFile; fileRef = 7DEC271EA49CD2AFEF670A69 /* RealmManager.swift */; };
/* End PBXBuildFile section */

/* Begin PBXContainerItemProxy section */
		0D6A22A3BD3F322DC7519791 /* PBXContainerItemProxy */ = {
			isa = PBXContainerItemProxy;
			containerPortal = D0294F0CA9B994F525F70513 /* Project object */;
			proxyType = 1;
			remoteGlobalIDString = E31B0C25F8E2641FE610016B;
			remoteInfo = Arkulator;
		};
/* End PBXContainerItemProxy section */

/* Begin PBXFileReference section */
		01023A21540CC4ACDDA64AA1 /* LaunchScreen.storyboard */ = {isa = PBXFileReference; lastKnownFileType = file.storyboard; path = LaunchScreen.storyboard; sourceTree = "<group>"; };
		0DDDF188D109A90D83C46003 /* DinosaurStatsViewModelTests.swift */ = {isa = PBXFileReference; lastKnownFileType = sourcecode.swift; path = DinosaurStatsViewModelTests.swift; sourceTree = "<group>"; };
		193A7C09541FB3789C910432 /* RoundendPillButtonStyle.swift */ = {isa = PBXFileReference; lastKnownFileType = sourcecode.swift; path = RoundendPillButtonStyle.swift; sourceTree = "<group>"; };
		2D7E8FF327EDD45DB071BDD5 /* DinosaurCell.swift */ = {isa = PBXFileReference; lastKnownFileType = sourcecode.swift; path = DinosaurCell.swift; sourceTree = "<group>"; };
		31E5DDE49536BBB64CCF3AE0 /* SettingsListView.swift */ = {isa = PBXFileReference; lastKnownFileType = sourcecode.swift; path = SettingsListView.swift; sourceTree = "<group>"; };
		3DDEAE8F0151A815E280A359 /* Pods-Arkulator.debug.xcconfig */ = {isa = PBXFileReference; includeInIndex = 1; lastKnownFileType = text.xcconfig; name = "Pods-Arkulator.debug.xcconfig"; path = "Target Support Files/Pods-Arkulator/Pods-Arkulator.debug.xcconfig"; sourceTree = "<group>"; };
		4080B11CA63A5852D2B2B8A2 /* SettingsScreen.swift */ = {isa = PBXFileReference; lastKnownFileType = sourcecode.swift; path = SettingsScreen.swift; sourceTree = "<group>"; };
		4250078CD5962B1B1E0F3D76 /* Pods-Arkulator.release.xcconfig */ = {isa = PBXFileReference; includeInIndex = 1; lastKnownFileType = text.xcconfig; name = "Pods-Arkulator.release.xcconfig"; path = "Target Support Files/Pods-Arkulator/Pods-Arkulator.release.xcconfig"; sourceTree = "<group>"; };
		454781D153C63390100F1746 /* AppDelegate.swift */ = {isa = PBXFileReference; lastKnownFileType = sourcecode.swift; path = AppDelegate.swift; sourceTree = "<group>"; };
		45B979045D142A5258165361 /* HomeScreenViewModelTests.swift */ = {isa = PBXFileReference; lastKnownFileType = sourcecode.swift; path = HomeScreenViewModelTests.swift; sourceTree = "<group>"; };
		45C049CCEE050C24C4DC75A4 /* FloatingButton.swift */ = {isa = PBXFileReference; lastKnownFileType = sourcecode.swift; path = FloatingButton.swift; sourceTree = "<group>"; };
		48BB187C887157ED0C3E5A70 /* DinosaurStatsScreen.swift */ = {isa = PBXFileReference; lastKnownFileType = sourcecode.swift; path = DinosaurStatsScreen.swift; sourceTree = "<group>"; };
		49940729DCC048F763FDAA68 /* Text+Extensions.swift */ = {isa = PBXFileReference; lastKnownFileType = sourcecode.swift; path = "Text+Extensions.swift"; sourceTree = "<group>"; };
		52274AF2618167B204174AA8 /* ARKButton.swift */ = {isa = PBXFileReference; lastKnownFileType = sourcecode.swift; path = ARKButton.swift; sourceTree = "<group>"; };
		57BC13A55EFE04B5FEFA45CC /* TabsScreen.swift */ = {isa = PBXFileReference; lastKnownFileType = sourcecode.swift; path = TabsScreen.swift; sourceTree = "<group>"; };
		5ACFF971A6F72EC7ABC0BD84 /* Preview Assets.xcassets */ = {isa = PBXFileReference; lastKnownFileType = folder.assetcatalog; path = "Preview Assets.xcassets"; sourceTree = "<group>"; };
		5C2D3D9457F73CA328A6BB1B /* Dinosaur.swift */ = {isa = PBXFileReference; lastKnownFileType = sourcecode.swift; path = Dinosaur.swift; sourceTree = "<group>"; };
		60A48C718E8DB4BCF92BCF8C /* HomeScreen.swift */ = {isa = PBXFileReference; lastKnownFileType = sourcecode.swift; path = HomeScreen.swift; sourceTree = "<group>"; };
		61ECDED43C7B2D8011695124 /* Pods-ArkulatorTests.release.xcconfig */ = {isa = PBXFileReference; includeInIndex = 1; lastKnownFileType = text.xcconfig; name = "Pods-ArkulatorTests.release.xcconfig"; path = "Target Support Files/Pods-ArkulatorTests/Pods-ArkulatorTests.release.xcconfig"; sourceTree = "<group>"; };
		6810FA70FC9A5E7DDE9DA1B5 /* Pods_ArkulatorTests.framework */ = {isa = PBXFileReference; explicitFileType = wrapper.framework; includeInIndex = 0; path = Pods_ArkulatorTests.framework; sourceTree = BUILT_PRODUCTS_DIR; };
		6FDFBAF751597C2F747BACE2 /* HomeScreenViewModel.swift */ = {isa = PBXFileReference; lastKnownFileType = sourcecode.swift; path = HomeScreenViewModel.swift; sourceTree = "<group>"; };
		6FECAAE87067AF1F309E2E47 /* Field.swift */ = {isa = PBXFileReference; lastKnownFileType = sourcecode.swift; path = Field.swift; sourceTree = "<group>"; };
		703B4DA607DB0970C5D8298E /* EnvironmentValues+Exensions.swift */ = {isa = PBXFileReference; lastKnownFileType = sourcecode.swift; path = "EnvironmentValues+Exensions.swift"; sourceTree = "<group>"; };
		7424543EE43E3EEFA0A983EF /* EditDinosaurViewModelTests.swift */ = {isa = PBXFileReference; lastKnownFileType = sourcecode.swift; path = EditDinosaurViewModelTests.swift; sourceTree = "<group>"; };
		766EC3A3BC3D2D62E765AE44 /* String+Extensions.swift */ = {isa = PBXFileReference; lastKnownFileType = sourcecode.swift; path = "String+Extensions.swift"; sourceTree = "<group>"; };
		7DEC271EA49CD2AFEF670A69 /* RealmManager.swift */ = {isa = PBXFileReference; lastKnownFileType = sourcecode.swift; path = RealmManager.swift; sourceTree = "<group>"; };
		81ED67E112A72E3C2F924739 /* Assets.xcassets */ = {isa = PBXFileReference; lastKnownFileType = folder.assetcatalog; path = Assets.xcassets; sourceTree = "<group>"; };
		81F83F844FB06CC48C8E96C2 /* ArkulatorApp.swift */ = {isa = PBXFileReference; lastKnownFileType = sourcecode.swift; path = ArkulatorApp.swift; sourceTree = "<group>"; };
		864B181E2A868EF663EDF9E2 /* DinosaurStatsScreenFactory.swift */ = {isa = PBXFileReference; lastKnownFileType = sourcecode.swift; path = DinosaurStatsScreenFactory.swift; sourceTree = "<group>"; };
		8A16CAFA318823AD3305F1EB /* Array+Extensions.swift */ = {isa = PBXFileReference; lastKnownFileType = sourcecode.swift; path = "Array+Extensions.swift"; sourceTree = "<group>"; };
		92F199B6E927554E36BD5BEE /* ARKTextField.swift */ = {isa = PBXFileReference; lastKnownFileType = sourcecode.swift; path = ARKTextField.swift; sourceTree = "<group>"; };
		9A3F77A1929CED24338B56C9 /* EditDinosaurViewModel.swift */ = {isa = PBXFileReference; lastKnownFileType = sourcecode.swift; path = EditDinosaurViewModel.swift; sourceTree = "<group>"; };
		A476D141C8192A847CE05A2C /* ArkulatorTests.xctest */ = {isa = PBXFileReference; includeInIndex = 0; lastKnownFileType = wrapper.cfbundle; path = ArkulatorTests.xctest; sourceTree = BUILT_PRODUCTS_DIR; };
		A715B2BB8CCC58FBBB78966B /* Color+Extensions.swift */ = {isa = PBXFileReference; lastKnownFileType = sourcecode.swift; path = "Color+Extensions.swift"; sourceTree = "<group>"; };
		A7C844547A561EE1C841B8D6 /* DinosaurListView.swift */ = {isa = PBXFileReference; lastKnownFileType = sourcecode.swift; path = DinosaurListView.swift; sourceTree = "<group>"; };
		AAD18BEFC21FED2515A32DB7 /* CustomBackButton.swift */ = {isa = PBXFileReference; lastKnownFileType = sourcecode.swift; path = CustomBackButton.swift; sourceTree = "<group>"; };
		B02CDD86EF469D85756E6F69 /* Pods_Arkulator.framework */ = {isa = PBXFileReference; explicitFileType = wrapper.framework; includeInIndex = 0; path = Pods_Arkulator.framework; sourceTree = BUILT_PRODUCTS_DIR; };
		B617BA6DB12A94BCC7172BB8 /* MockRealmManager.swift */ = {isa = PBXFileReference; lastKnownFileType = sourcecode.swift; path = MockRealmManager.swift; sourceTree = "<group>"; };
		B9E67DF5AFF1F5CB79E5C613 /* ARKButtonScheme.swift */ = {isa = PBXFileReference; lastKnownFileType = sourcecode.swift; path = ARKButtonScheme.swift; sourceTree = "<group>"; };
		BC24AD3A93E049CEC4DD58C4 /* Constants.swift */ = {isa = PBXFileReference; lastKnownFileType = sourcecode.swift; path = Constants.swift; sourceTree = "<group>"; };
		C9A0FA964277078ADB9DFCBE /* HomeScreenFactory.swift */ = {isa = PBXFileReference; lastKnownFileType = sourcecode.swift; path = HomeScreenFactory.swift; sourceTree = "<group>"; };
		D194AD9BC41CED2BC89A2CF2 /* View+Extensions.swift */ = {isa = PBXFileReference; lastKnownFileType = sourcecode.swift; path = "View+Extensions.swift"; sourceTree = "<group>"; };
		DAFFB6FB09214ADCB538F324 /* ARKTextFieldScheme.swift */ = {isa = PBXFileReference; lastKnownFileType = sourcecode.swift; path = ARKTextFieldScheme.swift; sourceTree = "<group>"; };
		DE082CD19F34E8FAD878CEEE /* RealmManagerProtocol.swift */ = {isa = PBXFileReference; lastKnownFileType = sourcecode.swift; path = RealmManagerProtocol.swift; sourceTree = "<group>"; };
		E605788297191276D0777A49 /* Pods-ArkulatorTests.debug.xcconfig */ = {isa = PBXFileReference; includeInIndex = 1; lastKnownFileType = text.xcconfig; name = "Pods-ArkulatorTests.debug.xcconfig"; path = "Target Support Files/Pods-ArkulatorTests/Pods-ArkulatorTests.debug.xcconfig"; sourceTree = "<group>"; };
		E7F1DB6FB32BA376AB7427E1 /* DinosaurStatsViewModel.swift */ = {isa = PBXFileReference; lastKnownFileType = sourcecode.swift; path = DinosaurStatsViewModel.swift; sourceTree = "<group>"; };
		E97B07655A634C157C40A6C0 /* EditDinosaurScreen.swift */ = {isa = PBXFileReference; lastKnownFileType = sourcecode.swift; path = EditDinosaurScreen.swift; sourceTree = "<group>"; };
		EA4CE82E0BCBD2741C5C3057 /* FormField.swift */ = {isa = PBXFileReference; lastKnownFileType = sourcecode.swift; path = FormField.swift; sourceTree = "<group>"; };
		EFEA665713998C7EE2BCF4D5 /* EditDInosaurScreenFactory.swift */ = {isa = PBXFileReference; lastKnownFileType = sourcecode.swift; path = EditDInosaurScreenFactory.swift; sourceTree = "<group>"; };
		F31BB22E04A84E31ACABD69E /* Arkulator.app */ = {isa = PBXFileReference; includeInIndex = 0; lastKnownFileType = wrapper.application; path = Arkulator.app; sourceTree = BUILT_PRODUCTS_DIR; };
/* End PBXFileReference section */

/* Begin PBXFrameworksBuildPhase section */
		5A5D3B2C33151E1D967E040F /* Frameworks */ = {
			isa = PBXFrameworksBuildPhase;
			buildActionMask = 2147483647;
			files = (
				F3E224C3FCA2A4D7280714FD /* Pods_ArkulatorTests.framework in Frameworks */,
			);
			runOnlyForDeploymentPostprocessing = 0;
		};
		FFDB0616A6AFBFFEA6608FEC /* Frameworks */ = {
			isa = PBXFrameworksBuildPhase;
			buildActionMask = 2147483647;
			files = (
				BB999104A8C87BC3A39F4032 /* Pods_Arkulator.framework in Frameworks */,
			);
			runOnlyForDeploymentPostprocessing = 0;
		};
/* End PBXFrameworksBuildPhase section */

/* Begin PBXGroup section */
		0128CF860E6877FA625F007B /* Arkulator */ = {
			isa = PBXGroup;
			children = (
				C5B2D178D77B8CC6BB6FAC25 /* Components */,
				D960F966D1256382977EF89D /* Factory */,
				C03682AA0DBAA85AC7B68436 /* Managers */,
				4EA70BD5B3C625EE43C6BBF8 /* Models */,
				FA63CAF43B90634A3BA46348 /* Preview Content */,
				4A0FBB0475BD8313CB8A1BC9 /* Screens */,
				135F4B7E3386A39816954A76 /* SupportingFiles */,
				45BDD4BAEF8B49F3C1289357 /* Utils */,
				AE7482E6A53F57FB354CF26F /* ViewModels */,
				4CC8C5E45A8C6F79F563D769 /* Views */,
			);
			path = Arkulator;
			sourceTree = "<group>";
		};
		035DEC16B7786FF70E3C4522 /* Settings */ = {
			isa = PBXGroup;
			children = (
				4080B11CA63A5852D2B2B8A2 /* SettingsScreen.swift */,
			);
			path = Settings;
			sourceTree = "<group>";
		};
		09EF448A3ED325399D32C68D /* Settings */ = {
			isa = PBXGroup;
			children = (
				31E5DDE49536BBB64CCF3AE0 /* SettingsListView.swift */,
			);
			path = Settings;
			sourceTree = "<group>";
		};
		0D1492A814F8581C376B4092 /* Extensions */ = {
			isa = PBXGroup;
			children = (
				8A16CAFA318823AD3305F1EB /* Array+Extensions.swift */,
				A715B2BB8CCC58FBBB78966B /* Color+Extensions.swift */,
				703B4DA607DB0970C5D8298E /* EnvironmentValues+Exensions.swift */,
				766EC3A3BC3D2D62E765AE44 /* String+Extensions.swift */,
				49940729DCC048F763FDAA68 /* Text+Extensions.swift */,
				D194AD9BC41CED2BC89A2CF2 /* View+Extensions.swift */,
			);
			path = Extensions;
			sourceTree = "<group>";
		};
		135F4B7E3386A39816954A76 /* SupportingFiles */ = {
			isa = PBXGroup;
			children = (
				454781D153C63390100F1746 /* AppDelegate.swift */,
				81F83F844FB06CC48C8E96C2 /* ArkulatorApp.swift */,
				81ED67E112A72E3C2F924739 /* Assets.xcassets */,
				01023A21540CC4ACDDA64AA1 /* LaunchScreen.storyboard */,
			);
			path = SupportingFiles;
			sourceTree = "<group>";
		};
		174872CED4D729E6F633704B /* Frameworks */ = {
			isa = PBXGroup;
			children = (
				B02CDD86EF469D85756E6F69 /* Pods_Arkulator.framework */,
				6810FA70FC9A5E7DDE9DA1B5 /* Pods_ArkulatorTests.framework */,
			);
			name = Frameworks;
			sourceTree = "<group>";
		};
		2B45D433C109491A4E242159 /* Edit Dinosaur */ = {
			isa = PBXGroup;
			children = (
				E97B07655A634C157C40A6C0 /* EditDinosaurScreen.swift */,
			);
			path = "Edit Dinosaur";
			sourceTree = "<group>";
		};
		4341A7CB17E93F488B2F0AAB /* ArkulatorTests */ = {
			isa = PBXGroup;
			children = (
				B1FBE175EA6293FC3EC65CF9 /* Cases */,
			);
			path = ArkulatorTests;
			sourceTree = "<group>";
		};
		45BDD4BAEF8B49F3C1289357 /* Utils */ = {
			isa = PBXGroup;
			children = (
				6FECAAE87067AF1F309E2E47 /* Field.swift */,
				E134A76C199B5F661A62B995 /* Constants */,
				0D1492A814F8581C376B4092 /* Extensions */,
				D798D78D815BC9A8BAA6BFB8 /* Styles */,
			);
			path = Utils;
			sourceTree = "<group>";
		};
		45BF8DADE59CB5F88A5D693A /* Mocks */ = {
			isa = PBXGroup;
			children = (
				B617BA6DB12A94BCC7172BB8 /* MockRealmManager.swift */,
			);
			path = Mocks;
			sourceTree = "<group>";
		};
		4A0FBB0475BD8313CB8A1BC9 /* Screens */ = {
			isa = PBXGroup;
			children = (
				57BC13A55EFE04B5FEFA45CC /* TabsScreen.swift */,
				B3AE73B4AB174E772B91DDB9 /* Add Dinosaur */,
				2B45D433C109491A4E242159 /* Edit Dinosaur */,
				6A56674759A4B69FC1508848 /* Home */,
				035DEC16B7786FF70E3C4522 /* Settings */,
			);
			path = Screens;
			sourceTree = "<group>";
		};
		4CC8C5E45A8C6F79F563D769 /* Views */ = {
			isa = PBXGroup;
			children = (
				D6C51AB6A7F4BCA58BA3F933 /* Home */,
				09EF448A3ED325399D32C68D /* Settings */,
			);
			path = Views;
			sourceTree = "<group>";
		};
		4EA70BD5B3C625EE43C6BBF8 /* Models */ = {
			isa = PBXGroup;
			children = (
				5C2D3D9457F73CA328A6BB1B /* Dinosaur.swift */,
				EA4CE82E0BCBD2741C5C3057 /* FormField.swift */,
			);
			path = Models;
			sourceTree = "<group>";
		};
		5878CE48D761A06B8D5C0F55 /* EditDinosaurViewModel */ = {
			isa = PBXGroup;
			children = (
				7424543EE43E3EEFA0A983EF /* EditDinosaurViewModelTests.swift */,
			);
			path = EditDinosaurViewModel;
			sourceTree = "<group>";
		};
		6A56674759A4B69FC1508848 /* Home */ = {
			isa = PBXGroup;
			children = (
				60A48C718E8DB4BCF92BCF8C /* HomeScreen.swift */,
			);
			path = Home;
			sourceTree = "<group>";
		};
		797213CF88B52B0EE93F5765 = {
			isa = PBXGroup;
			children = (
				0128CF860E6877FA625F007B /* Arkulator */,
				4341A7CB17E93F488B2F0AAB /* ArkulatorTests */,
				852804F0DCF3F124E6CD7298 /* Products */,
				ED0797815262BB3FF038AA6B /* Pods */,
				174872CED4D729E6F633704B /* Frameworks */,
			);
			sourceTree = "<group>";
		};
		852804F0DCF3F124E6CD7298 /* Products */ = {
			isa = PBXGroup;
			children = (
				F31BB22E04A84E31ACABD69E /* Arkulator.app */,
				A476D141C8192A847CE05A2C /* ArkulatorTests.xctest */,
			);
			name = Products;
			sourceTree = "<group>";
		};
		AE7482E6A53F57FB354CF26F /* ViewModels */ = {
			isa = PBXGroup;
			children = (
				E7F1DB6FB32BA376AB7427E1 /* DinosaurStatsViewModel.swift */,
				9A3F77A1929CED24338B56C9 /* EditDinosaurViewModel.swift */,
				6FDFBAF751597C2F747BACE2 /* HomeScreenViewModel.swift */,
			);
			path = ViewModels;
			sourceTree = "<group>";
		};
		B1FBE175EA6293FC3EC65CF9 /* Cases */ = {
			isa = PBXGroup;
			children = (
				F4EE7E5EEB34600FE09E17C3 /* DinosaurStatsViewModel */,
				5878CE48D761A06B8D5C0F55 /* EditDinosaurViewModel */,
				D203A74A642DD4133C454D8F /* HomeScreen */,
				45BF8DADE59CB5F88A5D693A /* Mocks */,
			);
			path = Cases;
			sourceTree = "<group>";
		};
		B3AE73B4AB174E772B91DDB9 /* Add Dinosaur */ = {
			isa = PBXGroup;
			children = (
				48BB187C887157ED0C3E5A70 /* DinosaurStatsScreen.swift */,
			);
			path = "Add Dinosaur";
			sourceTree = "<group>";
		};
		C03682AA0DBAA85AC7B68436 /* Managers */ = {
			isa = PBXGroup;
			children = (
				7DEC271EA49CD2AFEF670A69 /* RealmManager.swift */,
				DE082CD19F34E8FAD878CEEE /* RealmManagerProtocol.swift */,
			);
			path = Managers;
			sourceTree = "<group>";
		};
		C1344870CD61CAC8E6058D42 /* General */ = {
			isa = PBXGroup;
			children = (
				52274AF2618167B204174AA8 /* ARKButton.swift */,
				92F199B6E927554E36BD5BEE /* ARKTextField.swift */,
				AAD18BEFC21FED2515A32DB7 /* CustomBackButton.swift */,
				45C049CCEE050C24C4DC75A4 /* FloatingButton.swift */,
			);
			path = General;
			sourceTree = "<group>";
		};
		C5B2D178D77B8CC6BB6FAC25 /* Components */ = {
			isa = PBXGroup;
			children = (
				2D7E8FF327EDD45DB071BDD5 /* DinosaurCell.swift */,
				C1344870CD61CAC8E6058D42 /* General */,
				EA260EBA5A733EB7ED2FBC15 /* Schemes */,
			);
			path = Components;
			sourceTree = "<group>";
		};
		D203A74A642DD4133C454D8F /* HomeScreen */ = {
			isa = PBXGroup;
			children = (
				45B979045D142A5258165361 /* HomeScreenViewModelTests.swift */,
			);
			path = HomeScreen;
			sourceTree = "<group>";
		};
		D6C51AB6A7F4BCA58BA3F933 /* Home */ = {
			isa = PBXGroup;
			children = (
				A7C844547A561EE1C841B8D6 /* DinosaurListView.swift */,
			);
			path = Home;
			sourceTree = "<group>";
		};
		D798D78D815BC9A8BAA6BFB8 /* Styles */ = {
			isa = PBXGroup;
			children = (
				193A7C09541FB3789C910432 /* RoundendPillButtonStyle.swift */,
			);
			path = Styles;
			sourceTree = "<group>";
		};
		D960F966D1256382977EF89D /* Factory */ = {
			isa = PBXGroup;
			children = (
				864B181E2A868EF663EDF9E2 /* DinosaurStatsScreenFactory.swift */,
				EFEA665713998C7EE2BCF4D5 /* EditDInosaurScreenFactory.swift */,
				C9A0FA964277078ADB9DFCBE /* HomeScreenFactory.swift */,
			);
			path = Factory;
			sourceTree = "<group>";
		};
		E134A76C199B5F661A62B995 /* Constants */ = {
			isa = PBXGroup;
			children = (
				BC24AD3A93E049CEC4DD58C4 /* Constants.swift */,
			);
			path = Constants;
			sourceTree = "<group>";
		};
		EA260EBA5A733EB7ED2FBC15 /* Schemes */ = {
			isa = PBXGroup;
			children = (
				B9E67DF5AFF1F5CB79E5C613 /* ARKButtonScheme.swift */,
				DAFFB6FB09214ADCB538F324 /* ARKTextFieldScheme.swift */,
			);
			path = Schemes;
			sourceTree = "<group>";
		};
		ED0797815262BB3FF038AA6B /* Pods */ = {
			isa = PBXGroup;
			children = (
				3DDEAE8F0151A815E280A359 /* Pods-Arkulator.debug.xcconfig */,
				4250078CD5962B1B1E0F3D76 /* Pods-Arkulator.release.xcconfig */,
				E605788297191276D0777A49 /* Pods-ArkulatorTests.debug.xcconfig */,
				61ECDED43C7B2D8011695124 /* Pods-ArkulatorTests.release.xcconfig */,
			);
			name = Pods;
			path = Pods;
			sourceTree = "<group>";
		};
		F4EE7E5EEB34600FE09E17C3 /* DinosaurStatsViewModel */ = {
			isa = PBXGroup;
			children = (
				0DDDF188D109A90D83C46003 /* DinosaurStatsViewModelTests.swift */,
			);
			path = DinosaurStatsViewModel;
			sourceTree = "<group>";
		};
		FA63CAF43B90634A3BA46348 /* Preview Content */ = {
			isa = PBXGroup;
			children = (
				5ACFF971A6F72EC7ABC0BD84 /* Preview Assets.xcassets */,
			);
			path = "Preview Content";
			sourceTree = "<group>";
		};
/* End PBXGroup section */

/* Begin PBXNativeTarget section */
		3C5DD5D34A2343B528D0EEB4 /* ArkulatorTests */ = {
			isa = PBXNativeTarget;
			buildConfigurationList = 74D300DE7DEEBC9D1E1596B8 /* Build configuration list for PBXNativeTarget "ArkulatorTests" */;
			buildPhases = (
				6EBEA94D9C64728DF47D0FDB /* [CP] Check Pods Manifest.lock */,
				98AEB3E215040933FE4B9310 /* Sources */,
				5A5D3B2C33151E1D967E040F /* Frameworks */,
			);
			buildRules = (
			);
			dependencies = (
				F85E1318916EB7C3BA05CC56 /* PBXTargetDependency */,
			);
			name = ArkulatorTests;
			productName = ArkulatorTests;
			productReference = A476D141C8192A847CE05A2C /* ArkulatorTests.xctest */;
			productType = "com.apple.product-type.bundle.unit-test";
		};
		E31B0C25F8E2641FE610016B /* Arkulator */ = {
			isa = PBXNativeTarget;
			buildConfigurationList = 80F4D5FC91A3F0BB79011C0E /* Build configuration list for PBXNativeTarget "Arkulator" */;
			buildPhases = (
				09CA7BC4A1C224FEECD7C295 /* [CP] Check Pods Manifest.lock */,
				9E7C0718FA454B2FBD171735 /* Sources */,
				0EE07F03D3A1DBDB02B8DDE3 /* Resources */,
				FFDB0616A6AFBFFEA6608FEC /* Frameworks */,
				4BA67BAD86E82AC364D2D2DF /* [CP] Embed Pods Frameworks */,
			);
			buildRules = (
			);
			dependencies = (
			);
			name = Arkulator;
			productName = Arkulator;
			productReference = F31BB22E04A84E31ACABD69E /* Arkulator.app */;
			productType = "com.apple.product-type.application";
		};
/* End PBXNativeTarget section */

/* Begin PBXProject section */
		D0294F0CA9B994F525F70513 /* Project object */ = {
			isa = PBXProject;
			attributes = {
				LastUpgradeCheck = 1200;
				TargetAttributes = {
					3C5DD5D34A2343B528D0EEB4 = {
						DevelopmentTeam = 5P4JJDT7CR;
						ProvisioningStyle = Automatic;
					};
					E31B0C25F8E2641FE610016B = {
						DevelopmentTeam = 5P4JJDT7CR;
						ProvisioningStyle = Automatic;
					};
				};
			};
			buildConfigurationList = C0451EFFCF450356921CB165 /* Build configuration list for PBXProject "Arkulator" */;
			compatibilityVersion = "Xcode 11.0";
			developmentRegion = en;
			hasScannedForEncodings = 0;
			knownRegions = (
				Base,
				en,
			);
			mainGroup = 797213CF88B52B0EE93F5765;
			productRefGroup = 852804F0DCF3F124E6CD7298 /* Products */;
			projectDirPath = "";
			projectRoot = "";
			targets = (
				E31B0C25F8E2641FE610016B /* Arkulator */,
				3C5DD5D34A2343B528D0EEB4 /* ArkulatorTests */,
			);
		};
/* End PBXProject section */

/* Begin PBXResourcesBuildPhase section */
		0EE07F03D3A1DBDB02B8DDE3 /* Resources */ = {
			isa = PBXResourcesBuildPhase;
			buildActionMask = 2147483647;
			files = (
				7161458908F03AEE4E5EA745 /* Assets.xcassets in Resources */,
				34A063EF8703E90C1504D415 /* LaunchScreen.storyboard in Resources */,
				B74098B45A791D7370F2E617 /* Preview Assets.xcassets in Resources */,
			);
			runOnlyForDeploymentPostprocessing = 0;
		};
/* End PBXResourcesBuildPhase section */

/* Begin PBXShellScriptBuildPhase section */
		09CA7BC4A1C224FEECD7C295 /* [CP] Check Pods Manifest.lock */ = {
			isa = PBXShellScriptBuildPhase;
			buildActionMask = 2147483647;
			files = (
			);
			inputFileListPaths = (
			);
			inputPaths = (
				"${PODS_PODFILE_DIR_PATH}/Podfile.lock",
				"${PODS_ROOT}/Manifest.lock",
			);
			name = "[CP] Check Pods Manifest.lock";
			outputFileListPaths = (
			);
			outputPaths = (
				"$(DERIVED_FILE_DIR)/Pods-Arkulator-checkManifestLockResult.txt",
			);
			runOnlyForDeploymentPostprocessing = 0;
			shellPath = /bin/sh;
			shellScript = "diff \"${PODS_PODFILE_DIR_PATH}/Podfile.lock\" \"${PODS_ROOT}/Manifest.lock\" > /dev/null\nif [ $? != 0 ] ; then\n    # print error to STDERR\n    echo \"error: The sandbox is not in sync with the Podfile.lock. Run 'pod install' or update your CocoaPods installation.\" >&2\n    exit 1\nfi\n# This output is used by Xcode 'outputs' to avoid re-running this script phase.\necho \"SUCCESS\" > \"${SCRIPT_OUTPUT_FILE_0}\"\n";
			showEnvVarsInLog = 0;
		};
		4BA67BAD86E82AC364D2D2DF /* [CP] Embed Pods Frameworks */ = {
			isa = PBXShellScriptBuildPhase;
			buildActionMask = 2147483647;
			files = (
			);
			inputFileListPaths = (
				"${PODS_ROOT}/Target Support Files/Pods-Arkulator/Pods-Arkulator-frameworks-${CONFIGURATION}-input-files.xcfilelist",
			);
			name = "[CP] Embed Pods Frameworks";
			outputFileListPaths = (
				"${PODS_ROOT}/Target Support Files/Pods-Arkulator/Pods-Arkulator-frameworks-${CONFIGURATION}-output-files.xcfilelist",
			);
			runOnlyForDeploymentPostprocessing = 0;
			shellPath = /bin/sh;
			shellScript = "\"${PODS_ROOT}/Target Support Files/Pods-Arkulator/Pods-Arkulator-frameworks.sh\"\n";
			showEnvVarsInLog = 0;
		};
		6EBEA94D9C64728DF47D0FDB /* [CP] Check Pods Manifest.lock */ = {
			isa = PBXShellScriptBuildPhase;
			buildActionMask = 2147483647;
			files = (
			);
			inputFileListPaths = (
			);
			inputPaths = (
				"${PODS_PODFILE_DIR_PATH}/Podfile.lock",
				"${PODS_ROOT}/Manifest.lock",
			);
			name = "[CP] Check Pods Manifest.lock";
			outputFileListPaths = (
			);
			outputPaths = (
				"$(DERIVED_FILE_DIR)/Pods-ArkulatorTests-checkManifestLockResult.txt",
			);
			runOnlyForDeploymentPostprocessing = 0;
			shellPath = /bin/sh;
			shellScript = "diff \"${PODS_PODFILE_DIR_PATH}/Podfile.lock\" \"${PODS_ROOT}/Manifest.lock\" > /dev/null\nif [ $? != 0 ] ; then\n    # print error to STDERR\n    echo \"error: The sandbox is not in sync with the Podfile.lock. Run 'pod install' or update your CocoaPods installation.\" >&2\n    exit 1\nfi\n# This output is used by Xcode 'outputs' to avoid re-running this script phase.\necho \"SUCCESS\" > \"${SCRIPT_OUTPUT_FILE_0}\"\n";
			showEnvVarsInLog = 0;
		};
/* End PBXShellScriptBuildPhase section */

/* Begin PBXSourcesBuildPhase section */
		98AEB3E215040933FE4B9310 /* Sources */ = {
			isa = PBXSourcesBuildPhase;
			buildActionMask = 2147483647;
			files = (
				BF6FD5E131C5A7D7294FB511 /* DinosaurStatsViewModelTests.swift in Sources */,
				B1559C4344BE5F013704326E /* EditDinosaurViewModelTests.swift in Sources */,
				E9297BB5CF3AD6482332EEB1 /* HomeScreenViewModelTests.swift in Sources */,
				0D26991180A34E67785E02B1 /* MockRealmManager.swift in Sources */,
			);
			runOnlyForDeploymentPostprocessing = 0;
		};
		9E7C0718FA454B2FBD171735 /* Sources */ = {
			isa = PBXSourcesBuildPhase;
			buildActionMask = 2147483647;
			files = (
				2F72D577ABEB05FC38758799 /* ARKButton.swift in Sources */,
				5E43DAF7CE72B4405DFA7E01 /* ARKButtonScheme.swift in Sources */,
				FBB58C66D56D746C01768C18 /* ARKTextField.swift in Sources */,
				5A6695555A50A04F2B6D8AE5 /* ARKTextFieldScheme.swift in Sources */,
				064B14DF87E3F195450E4249 /* AppDelegate.swift in Sources */,
				7B6FF75953D08AB27DCF389D /* ArkulatorApp.swift in Sources */,
				AF12B2FB8D99D9C286C1F09E /* Array+Extensions.swift in Sources */,
				B9680A51DC4D048456553941 /* Color+Extensions.swift in Sources */,
				EB15F0008EAB987855DD14FB /* Constants.swift in Sources */,
				D3368E26EC4AF6BB243B1D7E /* CustomBackButton.swift in Sources */,
				F52B8D4FFC1E33FBF8F96C04 /* Dinosaur.swift in Sources */,
				083A51651E3D374463272080 /* DinosaurCell.swift in Sources */,
				3F9A042E5F825081882C9F6B /* DinosaurListView.swift in Sources */,
				7BB7FC7F77AFBFBB5F9004E3 /* DinosaurStatsScreen.swift in Sources */,
				A5B1DDDA9FEA309505CE2A26 /* DinosaurStatsScreenFactory.swift in Sources */,
				CA1019D9FCC8C1C38F515BF1 /* DinosaurStatsViewModel.swift in Sources */,
				BEA96F103305C12E1DDFA6F5 /* EditDInosaurScreenFactory.swift in Sources */,
				AF166315527F02B473BB50D2 /* EditDinosaurScreen.swift in Sources */,
				FBE27A6E54B23A3E9A3B9053 /* EditDinosaurViewModel.swift in Sources */,
				0B7AF5DAD752F36709EE77B6 /* EnvironmentValues+Exensions.swift in Sources */,
				9FBCF7702DC54EA4F5904671 /* Field.swift in Sources */,
				AE97483654A5776A8914D433 /* FloatingButton.swift in Sources */,
				9691F2E2423EDB1C0E7EC997 /* FormField.swift in Sources */,
				EF641128CDDE319614C6FEEA /* HomeScreen.swift in Sources */,
				998DF2CB03139A0AA7D63C9C /* HomeScreenFactory.swift in Sources */,
				6F2695C6537858F283C1B195 /* HomeScreenViewModel.swift in Sources */,
				FFFE0DF6FA9FBF961199A14E /* RealmManager.swift in Sources */,
				9D0D12F4C3E5443244BB5C77 /* RealmManagerProtocol.swift in Sources */,
				4854EA61AFE01389AD087859 /* RoundendPillButtonStyle.swift in Sources */,
				10C4C3FA17981F70B873C8EE /* SettingsListView.swift in Sources */,
				9870A92FC6A0AC78005536EC /* SettingsScreen.swift in Sources */,
				6CA990B8057D497AE0E9F509 /* String+Extensions.swift in Sources */,
				B1DCC3B9553105EFFEBD2E67 /* TabsScreen.swift in Sources */,
				A2AED51DDDF731D0CB0E6EB2 /* Text+Extensions.swift in Sources */,
				F4E93D52C46F69070001F443 /* View+Extensions.swift in Sources */,
			);
			runOnlyForDeploymentPostprocessing = 0;
		};
/* End PBXSourcesBuildPhase section */

/* Begin PBXTargetDependency section */
		F85E1318916EB7C3BA05CC56 /* PBXTargetDependency */ = {
			isa = PBXTargetDependency;
			target = E31B0C25F8E2641FE610016B /* Arkulator */;
			targetProxy = 0D6A22A3BD3F322DC7519791 /* PBXContainerItemProxy */;
		};
/* End PBXTargetDependency section */

/* Begin XCBuildConfiguration section */
		46396A050D85DD010B090AA6 /* Debug */ = {
			isa = XCBuildConfiguration;
			baseConfigurationReference = 3DDEAE8F0151A815E280A359 /* Pods-Arkulator.debug.xcconfig */;
			buildSettings = {
				ASSETCATALOG_COMPILER_APPICON_NAME = AppIcon;
				CODE_SIGN_IDENTITY = "iPhone Developer";
				INFOPLIST_FILE = Info.plist;
				LD_RUNPATH_SEARCH_PATHS = (
					"$(inherited)",
					"@executable_path/Frameworks",
				);
				PRODUCT_BUNDLE_IDENTIFIER = com.urielh.Arkulator;
				SDKROOT = iphoneos;
				TARGETED_DEVICE_FAMILY = "1,2";
			};
			name = Debug;
		};
		47981568453D5CACC0BE7550 /* Release */ = {
			isa = XCBuildConfiguration;
			baseConfigurationReference = 61ECDED43C7B2D8011695124 /* Pods-ArkulatorTests.release.xcconfig */;
			buildSettings = {
				BUNDLE_LOADER = "$(TEST_HOST)";
				INFOPLIST_FILE = Info.plist;
				LD_RUNPATH_SEARCH_PATHS = (
					"$(inherited)",
					"@executable_path/Frameworks",
					"@loader_path/Frameworks",
				);
				PRODUCT_BUNDLE_IDENTIFIER = com.urielh.ArkulatorTests;
				SDKROOT = iphoneos;
				TARGETED_DEVICE_FAMILY = "1,2";
				TEST_HOST = "$(BUILT_PRODUCTS_DIR)/Arkulator.app/Arkulator";
			};
			name = Release;
		};
		4B171D779E8C2F653CCEA131 /* Debug */ = {
			isa = XCBuildConfiguration;
			baseConfigurationReference = E605788297191276D0777A49 /* Pods-ArkulatorTests.debug.xcconfig */;
			buildSettings = {
				BUNDLE_LOADER = "$(TEST_HOST)";
				INFOPLIST_FILE = Info.plist;
				LD_RUNPATH_SEARCH_PATHS = (
					"$(inherited)",
					"@executable_path/Frameworks",
					"@loader_path/Frameworks",
				);
				PRODUCT_BUNDLE_IDENTIFIER = com.urielh.ArkulatorTests;
				SDKROOT = iphoneos;
				TARGETED_DEVICE_FAMILY = "1,2";
				TEST_HOST = "$(BUILT_PRODUCTS_DIR)/Arkulator.app/Arkulator";
			};
			name = Debug;
		};
		67F2B96F45268B78C9F3B8FB /* Release */ = {
			isa = XCBuildConfiguration;
			buildSettings = {
				ALWAYS_SEARCH_USER_PATHS = NO;
				BUNDLE_VERSION = 1;
				CLANG_ANALYZER_NONNULL = YES;
				CLANG_ANALYZER_NUMBER_OBJECT_CONVERSION = YES_AGGRESSIVE;
				CLANG_CXX_LANGUAGE_STANDARD = "gnu++14";
				CLANG_CXX_LIBRARY = "libc++";
				CLANG_ENABLE_MODULES = YES;
				CLANG_ENABLE_OBJC_ARC = YES;
				CLANG_ENABLE_OBJC_WEAK = YES;
				CLANG_WARN_BLOCK_CAPTURE_AUTORELEASING = YES;
				CLANG_WARN_BOOL_CONVERSION = YES;
				CLANG_WARN_COMMA = YES;
				CLANG_WARN_CONSTANT_CONVERSION = YES;
				CLANG_WARN_DEPRECATED_OBJC_IMPLEMENTATIONS = YES;
				CLANG_WARN_DIRECT_OBJC_ISA_USAGE = YES_ERROR;
				CLANG_WARN_DOCUMENTATION_COMMENTS = YES;
				CLANG_WARN_EMPTY_BODY = YES;
				CLANG_WARN_ENUM_CONVERSION = YES;
				CLANG_WARN_INFINITE_RECURSION = YES;
				CLANG_WARN_INT_CONVERSION = YES;
				CLANG_WARN_NON_LITERAL_NULL_CONVERSION = YES;
				CLANG_WARN_OBJC_IMPLICIT_RETAIN_SELF = YES;
				CLANG_WARN_OBJC_LITERAL_CONVERSION = YES;
				CLANG_WARN_OBJC_ROOT_CLASS = YES_ERROR;
				CLANG_WARN_QUOTED_INCLUDE_IN_FRAMEWORK_HEADER = YES;
				CLANG_WARN_RANGE_LOOP_ANALYSIS = YES;
				CLANG_WARN_STRICT_PROTOTYPES = YES;
				CLANG_WARN_SUSPICIOUS_MOVE = YES;
				CLANG_WARN_UNGUARDED_AVAILABILITY = YES_AGGRESSIVE;
				CLANG_WARN_UNREACHABLE_CODE = YES;
				CLANG_WARN__DUPLICATE_METHOD_MATCH = YES;
				CODE_SIGN_STYLE = Automatic;
				COPY_PHASE_STRIP = NO;
				CURRENT_PROJECT_VERSION = 1;
				DEBUG_INFORMATION_FORMAT = "dwarf-with-dsym";
				DEVELOPMENT_TEAM = 5P4JJDT7CR;
				ENABLE_NS_ASSERTIONS = NO;
				ENABLE_STRICT_OBJC_MSGSEND = YES;
				GCC_C_LANGUAGE_STANDARD = gnu11;
				GCC_NO_COMMON_BLOCKS = YES;
				GCC_WARN_64_TO_32_BIT_CONVERSION = YES;
				GCC_WARN_ABOUT_RETURN_TYPE = YES_ERROR;
				GCC_WARN_UNDECLARED_SELECTOR = YES;
				GCC_WARN_UNINITIALIZED_AUTOS = YES_AGGRESSIVE;
				GCC_WARN_UNUSED_FUNCTION = YES;
				GCC_WARN_UNUSED_VARIABLE = YES;
				IPHONEOS_DEPLOYMENT_TARGET = 15.0;
				MARKETING_VERSION = 1.3.0;
				MTL_ENABLE_DEBUG_INFO = NO;
				MTL_FAST_MATH = YES;
				PRODUCT_NAME = "$(TARGET_NAME)";
				SDKROOT = iphoneos;
				SWIFT_COMPILATION_MODE = wholemodule;
				SWIFT_OPTIMIZATION_LEVEL = "-O";
				SWIFT_VERSION = 5.0;
			};
			name = Release;
		};
		92717E1FE250CF31DD9751BD /* Release */ = {
			isa = XCBuildConfiguration;
			baseConfigurationReference = 4250078CD5962B1B1E0F3D76 /* Pods-Arkulator.release.xcconfig */;
			buildSettings = {
				ASSETCATALOG_COMPILER_APPICON_NAME = AppIcon;
				CODE_SIGN_IDENTITY = "iPhone Developer";
				INFOPLIST_FILE = Info.plist;
				LD_RUNPATH_SEARCH_PATHS = (
					"$(inherited)",
					"@executable_path/Frameworks",
				);
				PRODUCT_BUNDLE_IDENTIFIER = com.urielh.Arkulator;
				SDKROOT = iphoneos;
				TARGETED_DEVICE_FAMILY = "1,2";
			};
			name = Release;
		};
		FA3448FAC0CE22B473507E20 /* Debug */ = {
			isa = XCBuildConfiguration;
			buildSettings = {
				ALWAYS_SEARCH_USER_PATHS = NO;
				BUNDLE_VERSION = 1;
				CLANG_ANALYZER_NONNULL = YES;
				CLANG_ANALYZER_NUMBER_OBJECT_CONVERSION = YES_AGGRESSIVE;
				CLANG_CXX_LANGUAGE_STANDARD = "gnu++14";
				CLANG_CXX_LIBRARY = "libc++";
				CLANG_ENABLE_MODULES = YES;
				CLANG_ENABLE_OBJC_ARC = YES;
				CLANG_ENABLE_OBJC_WEAK = YES;
				CLANG_WARN_BLOCK_CAPTURE_AUTORELEASING = YES;
				CLANG_WARN_BOOL_CONVERSION = YES;
				CLANG_WARN_COMMA = YES;
				CLANG_WARN_CONSTANT_CONVERSION = YES;
				CLANG_WARN_DEPRECATED_OBJC_IMPLEMENTATIONS = YES;
				CLANG_WARN_DIRECT_OBJC_ISA_USAGE = YES_ERROR;
				CLANG_WARN_DOCUMENTATION_COMMENTS = YES;
				CLANG_WARN_EMPTY_BODY = YES;
				CLANG_WARN_ENUM_CONVERSION = YES;
				CLANG_WARN_INFINITE_RECURSION = YES;
				CLANG_WARN_INT_CONVERSION = YES;
				CLANG_WARN_NON_LITERAL_NULL_CONVERSION = YES;
				CLANG_WARN_OBJC_IMPLICIT_RETAIN_SELF = YES;
				CLANG_WARN_OBJC_LITERAL_CONVERSION = YES;
				CLANG_WARN_OBJC_ROOT_CLASS = YES_ERROR;
				CLANG_WARN_QUOTED_INCLUDE_IN_FRAMEWORK_HEADER = YES;
				CLANG_WARN_RANGE_LOOP_ANALYSIS = YES;
				CLANG_WARN_STRICT_PROTOTYPES = YES;
				CLANG_WARN_SUSPICIOUS_MOVE = YES;
				CLANG_WARN_UNGUARDED_AVAILABILITY = YES_AGGRESSIVE;
				CLANG_WARN_UNREACHABLE_CODE = YES;
				CLANG_WARN__DUPLICATE_METHOD_MATCH = YES;
				CODE_SIGN_STYLE = Automatic;
				COPY_PHASE_STRIP = NO;
				CURRENT_PROJECT_VERSION = 1;
				DEBUG_INFORMATION_FORMAT = dwarf;
				DEVELOPMENT_TEAM = 5P4JJDT7CR;
				ENABLE_STRICT_OBJC_MSGSEND = YES;
				ENABLE_TESTABILITY = YES;
				GCC_C_LANGUAGE_STANDARD = gnu11;
				GCC_DYNAMIC_NO_PIC = NO;
				GCC_NO_COMMON_BLOCKS = YES;
				GCC_OPTIMIZATION_LEVEL = 0;
				GCC_PREPROCESSOR_DEFINITIONS = (
					"$(inherited)",
					"DEBUG=1",
				);
				GCC_WARN_64_TO_32_BIT_CONVERSION = YES;
				GCC_WARN_ABOUT_RETURN_TYPE = YES_ERROR;
				GCC_WARN_UNDECLARED_SELECTOR = YES;
				GCC_WARN_UNINITIALIZED_AUTOS = YES_AGGRESSIVE;
				GCC_WARN_UNUSED_FUNCTION = YES;
				GCC_WARN_UNUSED_VARIABLE = YES;
				IPHONEOS_DEPLOYMENT_TARGET = 15.0;
				MARKETING_VERSION = 1.3.0;
				MTL_ENABLE_DEBUG_INFO = INCLUDE_SOURCE;
				MTL_FAST_MATH = YES;
				ONLY_ACTIVE_ARCH = YES;
				PRODUCT_NAME = "$(TARGET_NAME)";
				SDKROOT = iphoneos;
				SWIFT_ACTIVE_COMPILATION_CONDITIONS = DEBUG;
				SWIFT_OPTIMIZATION_LEVEL = "-Onone";
				SWIFT_VERSION = 5.0;
			};
			name = Debug;
		};
/* End XCBuildConfiguration section */

/* Begin XCConfigurationList section */
		74D300DE7DEEBC9D1E1596B8 /* Build configuration list for PBXNativeTarget "ArkulatorTests" */ = {
			isa = XCConfigurationList;
			buildConfigurations = (
				4B171D779E8C2F653CCEA131 /* Debug */,
				47981568453D5CACC0BE7550 /* Release */,
			);
			defaultConfigurationIsVisible = 0;
			defaultConfigurationName = Debug;
		};
		80F4D5FC91A3F0BB79011C0E /* Build configuration list for PBXNativeTarget "Arkulator" */ = {
			isa = XCConfigurationList;
			buildConfigurations = (
				46396A050D85DD010B090AA6 /* Debug */,
				92717E1FE250CF31DD9751BD /* Release */,
			);
			defaultConfigurationIsVisible = 0;
			defaultConfigurationName = Debug;
		};
		C0451EFFCF450356921CB165 /* Build configuration list for PBXProject "Arkulator" */ = {
			isa = XCConfigurationList;
			buildConfigurations = (
				FA3448FAC0CE22B473507E20 /* Debug */,
				67F2B96F45268B78C9F3B8FB /* Release */,
			);
			defaultConfigurationIsVisible = 0;
			defaultConfigurationName = Debug;
		};
/* End XCConfigurationList section */
	};
	rootObject = D0294F0CA9B994F525F70513 /* Project object */;
}
