// !$*UTF8*$!
{
	archiveVersion = 1;
	classes = {
	};
	objectVersion = 55;
	objects = {

/* Begin PBXBuildFile section */
		3E0B5133654A79ED5E399E03 /* Pods_Arkulator.framework in Frameworks */ = {isa = PBXBuildFile; fileRef = D2FD24D19871C8843CF51C01 /* Pods_Arkulator.framework */; };
		A42D54292883736F00F4FB05 /* EditDinosaurScreen.swift in Sources */ = {isa = PBXBuildFile; fileRef = A42D54282883736F00F4FB05 /* EditDinosaurScreen.swift */; };
		A42D542C2883806300F4FB05 /* DinosaurStatsViewModelTests.swift in Sources */ = {isa = PBXBuildFile; fileRef = A42D542B2883806300F4FB05 /* DinosaurStatsViewModelTests.swift */; };
		A42D54302883813E00F4FB05 /* EditDinosaurViewModelTests.swift in Sources */ = {isa = PBXBuildFile; fileRef = A42D542F2883813E00F4FB05 /* EditDinosaurViewModelTests.swift */; };
		A42D5432288381A300F4FB05 /* EditDinosaurViewModel.swift in Sources */ = {isa = PBXBuildFile; fileRef = A42D5431288381A300F4FB05 /* EditDinosaurViewModel.swift */; };
		A46B82A42873E20C00E48202 /* ArkulatorApp.swift in Sources */ = {isa = PBXBuildFile; fileRef = A46B82A32873E20C00E48202 /* ArkulatorApp.swift */; };
		A46B82A82873E20F00E48202 /* Assets.xcassets in Resources */ = {isa = PBXBuildFile; fileRef = A46B82A72873E20F00E48202 /* Assets.xcassets */; };
		A46B82AB2873E20F00E48202 /* Preview Assets.xcassets in Resources */ = {isa = PBXBuildFile; fileRef = A46B82AA2873E20F00E48202 /* Preview Assets.xcassets */; };
		A46B82B32873E23600E48202 /* HomeScreen.swift in Sources */ = {isa = PBXBuildFile; fileRef = A46B82B22873E23600E48202 /* HomeScreen.swift */; };
		A46B82B52873E34000E48202 /* DinosaurListView.swift in Sources */ = {isa = PBXBuildFile; fileRef = A46B82B42873E34000E48202 /* DinosaurListView.swift */; };
		A46B82B82873E5EF00E48202 /* DinosaurCell.swift in Sources */ = {isa = PBXBuildFile; fileRef = A46B82B72873E5EF00E48202 /* DinosaurCell.swift */; };
		A490FE472879D24D00C29710 /* LaunchScreen.storyboard in Resources */ = {isa = PBXBuildFile; fileRef = A490FE462879D24D00C29710 /* LaunchScreen.storyboard */; };
		A4A72A57287CED6200610C89 /* RoundendPillButtonStyle.swift in Sources */ = {isa = PBXBuildFile; fileRef = A4A72A56287CED6200610C89 /* RoundendPillButtonStyle.swift */; };
		A4A72A59287CF55400610C89 /* Text+Extensions.swift in Sources */ = {isa = PBXBuildFile; fileRef = A4A72A58287CF55400610C89 /* Text+Extensions.swift */; };
		A4A7977A28BADE0900613D42 /* TabsScreen.swift in Sources */ = {isa = PBXBuildFile; fileRef = A4A7977928BADE0900613D42 /* TabsScreen.swift */; };
		A4A7977D28BADF7B00613D42 /* SettingsScreen.swift in Sources */ = {isa = PBXBuildFile; fileRef = A4A7977C28BADF7B00613D42 /* SettingsScreen.swift */; };
		A4A7978028BAE01B00613D42 /* SettingsListView.swift in Sources */ = {isa = PBXBuildFile; fileRef = A4A7977F28BAE01B00613D42 /* SettingsListView.swift */; };
		A4B0F3E928BAE1BA00CF26CE /* Constants.swift in Sources */ = {isa = PBXBuildFile; fileRef = A4B0F3E828BAE1BA00CF26CE /* Constants.swift */; };
		A4B3073F28C640730051456D /* HomeScreenViewModelTests.swift in Sources */ = {isa = PBXBuildFile; fileRef = A4B3073E28C640730051456D /* HomeScreenViewModelTests.swift */; };
		A4B3074128C640CF0051456D /* HomeScreenViewModel.swift in Sources */ = {isa = PBXBuildFile; fileRef = A4B3074028C640CF0051456D /* HomeScreenViewModel.swift */; };
		A4C61FF52874908700260646 /* DinosaurStatsScreen.swift in Sources */ = {isa = PBXBuildFile; fileRef = A4C61FF42874908700260646 /* DinosaurStatsScreen.swift */; };
		A4C61FF7287497DE00260646 /* RoundedTextField.swift in Sources */ = {isa = PBXBuildFile; fileRef = A4C61FF6287497DE00260646 /* RoundedTextField.swift */; };
		A4C61FF92874A2F900260646 /* CustomBackButton.swift in Sources */ = {isa = PBXBuildFile; fileRef = A4C61FF82874A2F900260646 /* CustomBackButton.swift */; };
		A4C61FFD2874A7E300260646 /* EnvironmentValues+Exensions.swift in Sources */ = {isa = PBXBuildFile; fileRef = A4C61FFC2874A7E300260646 /* EnvironmentValues+Exensions.swift */; };
		A4C620002874A8E700260646 /* Dinosaur.swift in Sources */ = {isa = PBXBuildFile; fileRef = A4C61FFF2874A8E700260646 /* Dinosaur.swift */; };
		A4C620022874B68A00260646 /* DinosaurStatsViewModel.swift in Sources */ = {isa = PBXBuildFile; fileRef = A4C620012874B68A00260646 /* DinosaurStatsViewModel.swift */; };
		A4C64C7C28C5122A00ED89F7 /* View+Extensions.swift in Sources */ = {isa = PBXBuildFile; fileRef = A4C64C7B28C5122A00ED89F7 /* View+Extensions.swift */; };
/* End PBXBuildFile section */

/* Begin PBXContainerItemProxy section */
		A490FE502879ED6700C29710 /* PBXContainerItemProxy */ = {
			isa = PBXContainerItemProxy;
			containerPortal = A46B82982873E20C00E48202 /* Project object */;
			proxyType = 1;
			remoteGlobalIDString = A46B829F2873E20C00E48202;
			remoteInfo = Arkulator;
		};
/* End PBXContainerItemProxy section */

/* Begin PBXFileReference section */
		0C5A7DAD7C614FF3F27656D7 /* Pods-Arkulator.release.xcconfig */ = {isa = PBXFileReference; includeInIndex = 1; lastKnownFileType = text.xcconfig; name = "Pods-Arkulator.release.xcconfig"; path = "Target Support Files/Pods-Arkulator/Pods-Arkulator.release.xcconfig"; sourceTree = "<group>"; };
		3C383B74E6B57E30A8A4D419 /* Pods-Arkulator.debug.xcconfig */ = {isa = PBXFileReference; includeInIndex = 1; lastKnownFileType = text.xcconfig; name = "Pods-Arkulator.debug.xcconfig"; path = "Target Support Files/Pods-Arkulator/Pods-Arkulator.debug.xcconfig"; sourceTree = "<group>"; };
		A42D54282883736F00F4FB05 /* EditDinosaurScreen.swift */ = {isa = PBXFileReference; lastKnownFileType = sourcecode.swift; path = EditDinosaurScreen.swift; sourceTree = "<group>"; };
		A42D542B2883806300F4FB05 /* DinosaurStatsViewModelTests.swift */ = {isa = PBXFileReference; lastKnownFileType = sourcecode.swift; path = DinosaurStatsViewModelTests.swift; sourceTree = "<group>"; };
		A42D542F2883813E00F4FB05 /* EditDinosaurViewModelTests.swift */ = {isa = PBXFileReference; lastKnownFileType = sourcecode.swift; path = EditDinosaurViewModelTests.swift; sourceTree = "<group>"; };
		A42D5431288381A300F4FB05 /* EditDinosaurViewModel.swift */ = {isa = PBXFileReference; lastKnownFileType = sourcecode.swift; path = EditDinosaurViewModel.swift; sourceTree = "<group>"; };
		A46B82A02873E20C00E48202 /* Arkulator.app */ = {isa = PBXFileReference; explicitFileType = wrapper.application; includeInIndex = 0; path = Arkulator.app; sourceTree = BUILT_PRODUCTS_DIR; };
		A46B82A32873E20C00E48202 /* ArkulatorApp.swift */ = {isa = PBXFileReference; lastKnownFileType = sourcecode.swift; path = ArkulatorApp.swift; sourceTree = "<group>"; };
		A46B82A72873E20F00E48202 /* Assets.xcassets */ = {isa = PBXFileReference; lastKnownFileType = folder.assetcatalog; path = Assets.xcassets; sourceTree = "<group>"; };
		A46B82AA2873E20F00E48202 /* Preview Assets.xcassets */ = {isa = PBXFileReference; lastKnownFileType = folder.assetcatalog; path = "Preview Assets.xcassets"; sourceTree = "<group>"; };
		A46B82B22873E23600E48202 /* HomeScreen.swift */ = {isa = PBXFileReference; lastKnownFileType = sourcecode.swift; path = HomeScreen.swift; sourceTree = "<group>"; };
		A46B82B42873E34000E48202 /* DinosaurListView.swift */ = {isa = PBXFileReference; lastKnownFileType = sourcecode.swift; path = DinosaurListView.swift; sourceTree = "<group>"; };
		A46B82B72873E5EF00E48202 /* DinosaurCell.swift */ = {isa = PBXFileReference; lastKnownFileType = sourcecode.swift; path = DinosaurCell.swift; sourceTree = "<group>"; };
		A490FE462879D24D00C29710 /* LaunchScreen.storyboard */ = {isa = PBXFileReference; lastKnownFileType = file.storyboard; path = LaunchScreen.storyboard; sourceTree = "<group>"; };
		A490FE4C2879ED6700C29710 /* ArkulatorTests.xctest */ = {isa = PBXFileReference; explicitFileType = wrapper.cfbundle; includeInIndex = 0; path = ArkulatorTests.xctest; sourceTree = BUILT_PRODUCTS_DIR; };
		A4A72A56287CED6200610C89 /* RoundendPillButtonStyle.swift */ = {isa = PBXFileReference; lastKnownFileType = sourcecode.swift; path = RoundendPillButtonStyle.swift; sourceTree = "<group>"; };
		A4A72A58287CF55400610C89 /* Text+Extensions.swift */ = {isa = PBXFileReference; lastKnownFileType = sourcecode.swift; path = "Text+Extensions.swift"; sourceTree = "<group>"; };
		A4A7977928BADE0900613D42 /* TabsScreen.swift */ = {isa = PBXFileReference; lastKnownFileType = sourcecode.swift; path = TabsScreen.swift; sourceTree = "<group>"; };
		A4A7977C28BADF7B00613D42 /* SettingsScreen.swift */ = {isa = PBXFileReference; lastKnownFileType = sourcecode.swift; path = SettingsScreen.swift; sourceTree = "<group>"; };
		A4A7977F28BAE01B00613D42 /* SettingsListView.swift */ = {isa = PBXFileReference; lastKnownFileType = sourcecode.swift; path = SettingsListView.swift; sourceTree = "<group>"; };
		A4B0F3E828BAE1BA00CF26CE /* Constants.swift */ = {isa = PBXFileReference; lastKnownFileType = sourcecode.swift; path = Constants.swift; sourceTree = "<group>"; };
		A4B3073E28C640730051456D /* HomeScreenViewModelTests.swift */ = {isa = PBXFileReference; lastKnownFileType = sourcecode.swift; path = HomeScreenViewModelTests.swift; sourceTree = "<group>"; };
		A4B3074028C640CF0051456D /* HomeScreenViewModel.swift */ = {isa = PBXFileReference; lastKnownFileType = sourcecode.swift; path = HomeScreenViewModel.swift; sourceTree = "<group>"; };
		A4C61FF42874908700260646 /* DinosaurStatsScreen.swift */ = {isa = PBXFileReference; lastKnownFileType = sourcecode.swift; path = DinosaurStatsScreen.swift; sourceTree = "<group>"; };
		A4C61FF6287497DE00260646 /* RoundedTextField.swift */ = {isa = PBXFileReference; lastKnownFileType = sourcecode.swift; path = RoundedTextField.swift; sourceTree = "<group>"; };
		A4C61FF82874A2F900260646 /* CustomBackButton.swift */ = {isa = PBXFileReference; lastKnownFileType = sourcecode.swift; path = CustomBackButton.swift; sourceTree = "<group>"; };
		A4C61FFC2874A7E300260646 /* EnvironmentValues+Exensions.swift */ = {isa = PBXFileReference; lastKnownFileType = sourcecode.swift; path = "EnvironmentValues+Exensions.swift"; sourceTree = "<group>"; };
		A4C61FFF2874A8E700260646 /* Dinosaur.swift */ = {isa = PBXFileReference; lastKnownFileType = sourcecode.swift; path = Dinosaur.swift; sourceTree = "<group>"; };
		A4C620012874B68A00260646 /* DinosaurStatsViewModel.swift */ = {isa = PBXFileReference; lastKnownFileType = sourcecode.swift; path = DinosaurStatsViewModel.swift; sourceTree = "<group>"; };
		A4C64C7B28C5122A00ED89F7 /* View+Extensions.swift */ = {isa = PBXFileReference; lastKnownFileType = sourcecode.swift; path = "View+Extensions.swift"; sourceTree = "<group>"; };
		D2FD24D19871C8843CF51C01 /* Pods_Arkulator.framework */ = {isa = PBXFileReference; explicitFileType = wrapper.framework; includeInIndex = 0; path = Pods_Arkulator.framework; sourceTree = BUILT_PRODUCTS_DIR; };
/* End PBXFileReference section */

/* Begin PBXFrameworksBuildPhase section */
		A46B829D2873E20C00E48202 /* Frameworks */ = {
			isa = PBXFrameworksBuildPhase;
			buildActionMask = 2147483647;
			files = (
				3E0B5133654A79ED5E399E03 /* Pods_Arkulator.framework in Frameworks */,
			);
			runOnlyForDeploymentPostprocessing = 0;
		};
		A490FE492879ED6700C29710 /* Frameworks */ = {
			isa = PBXFrameworksBuildPhase;
			buildActionMask = 2147483647;
			files = (
			);
			runOnlyForDeploymentPostprocessing = 0;
		};
/* End PBXFrameworksBuildPhase section */

/* Begin PBXGroup section */
		690B5F40E8CDD392D2559B34 /* Frameworks */ = {
			isa = PBXGroup;
			children = (
				D2FD24D19871C8843CF51C01 /* Pods_Arkulator.framework */,
			);
			name = Frameworks;
			sourceTree = "<group>";
		};
		A42D542A2883802900F4FB05 /* Cases */ = {
			isa = PBXGroup;
			children = (
				A4B3073D28C6405A0051456D /* HomeScreen */,
				A42D542E2883812500F4FB05 /* EditDinosaurViewModel */,
				A42D542D2883811200F4FB05 /* DinosaurStatsViewModel */,
			);
			path = Cases;
			sourceTree = "<group>";
		};
		A42D542D2883811200F4FB05 /* DinosaurStatsViewModel */ = {
			isa = PBXGroup;
			children = (
				A42D542B2883806300F4FB05 /* DinosaurStatsViewModelTests.swift */,
			);
			path = DinosaurStatsViewModel;
			sourceTree = "<group>";
		};
		A42D542E2883812500F4FB05 /* EditDinosaurViewModel */ = {
			isa = PBXGroup;
			children = (
				A42D542F2883813E00F4FB05 /* EditDinosaurViewModelTests.swift */,
			);
			path = EditDinosaurViewModel;
			sourceTree = "<group>";
		};
		A46B82972873E20C00E48202 = {
			isa = PBXGroup;
			children = (
				A46B82A22873E20C00E48202 /* Arkulator */,
				A490FE4D2879ED6700C29710 /* ArkulatorTests */,
				A46B82A12873E20C00E48202 /* Products */,
				D70F2115C17BC136C263074D /* Pods */,
				690B5F40E8CDD392D2559B34 /* Frameworks */,
			);
			sourceTree = "<group>";
		};
		A46B82A12873E20C00E48202 /* Products */ = {
			isa = PBXGroup;
			children = (
				A46B82A02873E20C00E48202 /* Arkulator.app */,
				A490FE4C2879ED6700C29710 /* ArkulatorTests.xctest */,
			);
			name = Products;
			sourceTree = "<group>";
		};
		A46B82A22873E20C00E48202 /* Arkulator */ = {
			isa = PBXGroup;
			children = (
				A4A7977528BADCC100613D42 /* ViewModels */,
				A4A7977228BADC3A00613D42 /* Screens */,
				A4A7977128BADC3300613D42 /* Views */,
				A490FE452879D22800C29710 /* SupportingFiles */,
				A4C61FFE2874A8D100260646 /* Models */,
				A4C61FFA2874A7BB00260646 /* Utils */,
				A46B82B62873E5DF00E48202 /* Components */,
				A46B82A92873E20F00E48202 /* Preview Content */,
			);
			path = Arkulator;
			sourceTree = "<group>";
		};
		A46B82A92873E20F00E48202 /* Preview Content */ = {
			isa = PBXGroup;
			children = (
				A46B82AA2873E20F00E48202 /* Preview Assets.xcassets */,
			);
			path = "Preview Content";
			sourceTree = "<group>";
		};
		A46B82B62873E5DF00E48202 /* Components */ = {
			isa = PBXGroup;
			children = (
				A46B82B72873E5EF00E48202 /* DinosaurCell.swift */,
				A4C61FF6287497DE00260646 /* RoundedTextField.swift */,
				A4C61FF82874A2F900260646 /* CustomBackButton.swift */,
			);
			path = Components;
			sourceTree = "<group>";
		};
		A490FE452879D22800C29710 /* SupportingFiles */ = {
			isa = PBXGroup;
			children = (
				A46B82A32873E20C00E48202 /* ArkulatorApp.swift */,
				A46B82A72873E20F00E48202 /* Assets.xcassets */,
				A490FE462879D24D00C29710 /* LaunchScreen.storyboard */,
			);
			path = SupportingFiles;
			sourceTree = "<group>";
		};
		A490FE4D2879ED6700C29710 /* ArkulatorTests */ = {
			isa = PBXGroup;
			children = (
				A42D542A2883802900F4FB05 /* Cases */,
			);
			path = ArkulatorTests;
			sourceTree = "<group>";
		};
		A4A72A55287CED4600610C89 /* Styles */ = {
			isa = PBXGroup;
			children = (
				A4A72A56287CED6200610C89 /* RoundendPillButtonStyle.swift */,
			);
			path = Styles;
			sourceTree = "<group>";
		};
		A4A7977128BADC3300613D42 /* Views */ = {
			isa = PBXGroup;
			children = (
				A4A7977E28BAE00700613D42 /* Settings */,
				A4A7977328BADC6900613D42 /* Home */,
			);
			path = Views;
			sourceTree = "<group>";
		};
		A4A7977228BADC3A00613D42 /* Screens */ = {
			isa = PBXGroup;
			children = (
				A4A7977B28BADF7200613D42 /* Settings */,
				A4A7977828BADD3100613D42 /* Edit Dinosaur */,
				A4A7977728BADD0300613D42 /* Add Dinosaur */,
				A4A7977428BADC6E00613D42 /* Home */,
				A4A7977928BADE0900613D42 /* TabsScreen.swift */,
			);
			path = Screens;
			sourceTree = "<group>";
		};
		A4A7977328BADC6900613D42 /* Home */ = {
			isa = PBXGroup;
			children = (
				A46B82B42873E34000E48202 /* DinosaurListView.swift */,
			);
			path = Home;
			sourceTree = "<group>";
		};
		A4A7977428BADC6E00613D42 /* Home */ = {
			isa = PBXGroup;
			children = (
				A46B82B22873E23600E48202 /* HomeScreen.swift */,
			);
			path = Home;
			sourceTree = "<group>";
		};
		A4A7977528BADCC100613D42 /* ViewModels */ = {
			isa = PBXGroup;
			children = (
				A4C620012874B68A00260646 /* DinosaurStatsViewModel.swift */,
				A42D5431288381A300F4FB05 /* EditDinosaurViewModel.swift */,
				A4B3074028C640CF0051456D /* HomeScreenViewModel.swift */,
			);
			path = ViewModels;
			sourceTree = "<group>";
		};
		A4A7977728BADD0300613D42 /* Add Dinosaur */ = {
			isa = PBXGroup;
			children = (
				A4C61FF42874908700260646 /* DinosaurStatsScreen.swift */,
			);
			path = "Add Dinosaur";
			sourceTree = "<group>";
		};
		A4A7977828BADD3100613D42 /* Edit Dinosaur */ = {
			isa = PBXGroup;
			children = (
				A42D54282883736F00F4FB05 /* EditDinosaurScreen.swift */,
			);
			path = "Edit Dinosaur";
			sourceTree = "<group>";
		};
		A4A7977B28BADF7200613D42 /* Settings */ = {
			isa = PBXGroup;
			children = (
				A4A7977C28BADF7B00613D42 /* SettingsScreen.swift */,
			);
			path = Settings;
			sourceTree = "<group>";
		};
		A4A7977E28BAE00700613D42 /* Settings */ = {
			isa = PBXGroup;
			children = (
				A4A7977F28BAE01B00613D42 /* SettingsListView.swift */,
			);
			path = Settings;
			sourceTree = "<group>";
		};
		A4B0F3E728BAE1AA00CF26CE /* Constants */ = {
			isa = PBXGroup;
			children = (
				A4B0F3E828BAE1BA00CF26CE /* Constants.swift */,
			);
			path = Constants;
			sourceTree = "<group>";
		};
		A4B3073D28C6405A0051456D /* HomeScreen */ = {
			isa = PBXGroup;
			children = (
				A4B3073E28C640730051456D /* HomeScreenViewModelTests.swift */,
			);
			path = HomeScreen;
			sourceTree = "<group>";
		};
		A4C61FFA2874A7BB00260646 /* Utils */ = {
			isa = PBXGroup;
			children = (
				A4B0F3E728BAE1AA00CF26CE /* Constants */,
				A4A72A55287CED4600610C89 /* Styles */,
				A4C61FFB2874A7C300260646 /* Extensions */,
			);
			path = Utils;
			sourceTree = "<group>";
		};
		A4C61FFB2874A7C300260646 /* Extensions */ = {
			isa = PBXGroup;
			children = (
				A4C61FFC2874A7E300260646 /* EnvironmentValues+Exensions.swift */,
				A4A72A58287CF55400610C89 /* Text+Extensions.swift */,
				A4C64C7B28C5122A00ED89F7 /* View+Extensions.swift */,
			);
			path = Extensions;
			sourceTree = "<group>";
		};
		A4C61FFE2874A8D100260646 /* Models */ = {
			isa = PBXGroup;
			children = (
				A4C61FFF2874A8E700260646 /* Dinosaur.swift */,
			);
			path = Models;
			sourceTree = "<group>";
		};
		D70F2115C17BC136C263074D /* Pods */ = {
			isa = PBXGroup;
			children = (
				3C383B74E6B57E30A8A4D419 /* Pods-Arkulator.debug.xcconfig */,
				0C5A7DAD7C614FF3F27656D7 /* Pods-Arkulator.release.xcconfig */,
			);
			path = Pods;
			sourceTree = "<group>";
		};
/* End PBXGroup section */

/* Begin PBXNativeTarget section */
		A46B829F2873E20C00E48202 /* Arkulator */ = {
			isa = PBXNativeTarget;
			buildConfigurationList = A46B82AE2873E20F00E48202 /* Build configuration list for PBXNativeTarget "Arkulator" */;
			buildPhases = (
				A4C9225D29AAE042003142CD /* SwiftLint */,
				775EB6D92ABACE8CBCDDD086 /* [CP] Check Pods Manifest.lock */,
				A46B829C2873E20C00E48202 /* Sources */,
				A46B829D2873E20C00E48202 /* Frameworks */,
				A46B829E2873E20C00E48202 /* Resources */,
				1CFC486620DDC647F76FD11E /* [CP] Embed Pods Frameworks */,
			);
			buildRules = (
			);
			dependencies = (
			);
			name = Arkulator;
			productName = Arkulator;
			productReference = A46B82A02873E20C00E48202 /* Arkulator.app */;
			productType = "com.apple.product-type.application";
		};
		A490FE4B2879ED6700C29710 /* ArkulatorTests */ = {
			isa = PBXNativeTarget;
			buildConfigurationList = A490FE522879ED6700C29710 /* Build configuration list for PBXNativeTarget "ArkulatorTests" */;
			buildPhases = (
				A490FE482879ED6700C29710 /* Sources */,
				A490FE492879ED6700C29710 /* Frameworks */,
				A490FE4A2879ED6700C29710 /* Resources */,
			);
			buildRules = (
			);
			dependencies = (
				A490FE512879ED6700C29710 /* PBXTargetDependency */,
			);
			name = ArkulatorTests;
			productName = ArkulatorTests;
			productReference = A490FE4C2879ED6700C29710 /* ArkulatorTests.xctest */;
			productType = "com.apple.product-type.bundle.unit-test";
		};
/* End PBXNativeTarget section */

/* Begin PBXProject section */
		A46B82982873E20C00E48202 /* Project object */ = {
			isa = PBXProject;
			attributes = {
				BuildIndependentTargetsInParallel = 1;
				LastSwiftUpdateCheck = 1330;
				LastUpgradeCheck = 1330;
				TargetAttributes = {
					A46B829F2873E20C00E48202 = {
						CreatedOnToolsVersion = 13.3.1;
					};
					A490FE4B2879ED6700C29710 = {
						CreatedOnToolsVersion = 13.3.1;
						TestTargetID = A46B829F2873E20C00E48202;
					};
				};
			};
			buildConfigurationList = A46B829B2873E20C00E48202 /* Build configuration list for PBXProject "Arkulator" */;
			compatibilityVersion = "Xcode 13.0";
			developmentRegion = en;
			hasScannedForEncodings = 0;
			knownRegions = (
				en,
				Base,
			);
			mainGroup = A46B82972873E20C00E48202;
			productRefGroup = A46B82A12873E20C00E48202 /* Products */;
			projectDirPath = "";
			projectRoot = "";
			targets = (
				A46B829F2873E20C00E48202 /* Arkulator */,
				A490FE4B2879ED6700C29710 /* ArkulatorTests */,
			);
		};
/* End PBXProject section */

/* Begin PBXResourcesBuildPhase section */
		A46B829E2873E20C00E48202 /* Resources */ = {
			isa = PBXResourcesBuildPhase;
			buildActionMask = 2147483647;
			files = (
				A490FE472879D24D00C29710 /* LaunchScreen.storyboard in Resources */,
				A46B82AB2873E20F00E48202 /* Preview Assets.xcassets in Resources */,
				A46B82A82873E20F00E48202 /* Assets.xcassets in Resources */,
			);
			runOnlyForDeploymentPostprocessing = 0;
		};
		A490FE4A2879ED6700C29710 /* Resources */ = {
			isa = PBXResourcesBuildPhase;
			buildActionMask = 2147483647;
			files = (
			);
			runOnlyForDeploymentPostprocessing = 0;
		};
/* End PBXResourcesBuildPhase section */

/* Begin PBXShellScriptBuildPhase section */
		1CFC486620DDC647F76FD11E /* [CP] Embed Pods Frameworks */ = {
			isa = PBXShellScriptBuildPhase;
			buildActionMask = 2147483647;
			files = (
			);
			inputFileListPaths = (
				"${PODS_ROOT}/Target Support Files/Pods-Arkulator/Pods-Arkulator-frameworks-${CONFIGURATION}-input-files.xcfilelist",
			);
			name = "[CP] Embed Pods Frameworks";
			outputFileListPaths = (
				"${PODS_ROOT}/Target Support Files/Pods-Arkulator/Pods-Arkulator-frameworks-${CONFIGURATION}-output-files.xcfilelist",
			);
			runOnlyForDeploymentPostprocessing = 0;
			shellPath = /bin/sh;
			shellScript = "\"${PODS_ROOT}/Target Support Files/Pods-Arkulator/Pods-Arkulator-frameworks.sh\"\n";
			showEnvVarsInLog = 0;
		};
		775EB6D92ABACE8CBCDDD086 /* [CP] Check Pods Manifest.lock */ = {
			isa = PBXShellScriptBuildPhase;
			buildActionMask = 2147483647;
			files = (
			);
			inputFileListPaths = (
			);
			inputPaths = (
				"${PODS_PODFILE_DIR_PATH}/Podfile.lock",
				"${PODS_ROOT}/Manifest.lock",
			);
			name = "[CP] Check Pods Manifest.lock";
			outputFileListPaths = (
			);
			outputPaths = (
				"$(DERIVED_FILE_DIR)/Pods-Arkulator-checkManifestLockResult.txt",
			);
			runOnlyForDeploymentPostprocessing = 0;
			shellPath = /bin/sh;
			shellScript = "diff \"${PODS_PODFILE_DIR_PATH}/Podfile.lock\" \"${PODS_ROOT}/Manifest.lock\" > /dev/null\nif [ $? != 0 ] ; then\n    # print error to STDERR\n    echo \"error: The sandbox is not in sync with the Podfile.lock. Run 'pod install' or update your CocoaPods installation.\" >&2\n    exit 1\nfi\n# This output is used by Xcode 'outputs' to avoid re-running this script phase.\necho \"SUCCESS\" > \"${SCRIPT_OUTPUT_FILE_0}\"\n";
			showEnvVarsInLog = 0;
		};
		A4C9225D29AAE042003142CD /* SwiftLint */ = {
			isa = PBXShellScriptBuildPhase;
			buildActionMask = 2147483647;
			files = (
			);
			inputFileListPaths = (
			);
			inputPaths = (
			);
			name = SwiftLint;
			outputFileListPaths = (
			);
			outputPaths = (
			);
			runOnlyForDeploymentPostprocessing = 0;
			shellPath = /bin/sh;
			shellScript = "export PATH=\"$PATH:/opt/homebrew/bin\"\n\nif which swiftlint >/dev/null; then\n  swiftlint\nelse\n  echo \"warning: SwiftLint not installed, download from https://github.com/realm/SwiftLint\"\nfi\n";
		};
/* End PBXShellScriptBuildPhase section */

/* Begin PBXSourcesBuildPhase section */
		A46B829C2873E20C00E48202 /* Sources */ = {
			isa = PBXSourcesBuildPhase;
			buildActionMask = 2147483647;
			files = (
				A4B0F3E928BAE1BA00CF26CE /* Constants.swift in Sources */,
				A4C61FFD2874A7E300260646 /* EnvironmentValues+Exensions.swift in Sources */,
				A46B82A42873E20C00E48202 /* ArkulatorApp.swift in Sources */,
				A42D54292883736F00F4FB05 /* EditDinosaurScreen.swift in Sources */,
				A4C61FF7287497DE00260646 /* RoundedTextField.swift in Sources */,
				A4A7977A28BADE0900613D42 /* TabsScreen.swift in Sources */,
				A4A72A59287CF55400610C89 /* Text+Extensions.swift in Sources */,
				A42D5432288381A300F4FB05 /* EditDinosaurViewModel.swift in Sources */,
				A46B82B32873E23600E48202 /* HomeScreen.swift in Sources */,
				A4C61FF52874908700260646 /* DinosaurStatsScreen.swift in Sources */,
				A4C61FF92874A2F900260646 /* CustomBackButton.swift in Sources */,
				A4A7977D28BADF7B00613D42 /* SettingsScreen.swift in Sources */,
				A46B82B82873E5EF00E48202 /* DinosaurCell.swift in Sources */,
				A4A7978028BAE01B00613D42 /* SettingsListView.swift in Sources */,
				A46B82B52873E34000E48202 /* DinosaurListView.swift in Sources */,
				A4B3074128C640CF0051456D /* HomeScreenViewModel.swift in Sources */,
				A4C620002874A8E700260646 /* Dinosaur.swift in Sources */,
				A4C620022874B68A00260646 /* DinosaurStatsViewModel.swift in Sources */,
				A4C64C7C28C5122A00ED89F7 /* View+Extensions.swift in Sources */,
				A4A72A57287CED6200610C89 /* RoundendPillButtonStyle.swift in Sources */,
			);
			runOnlyForDeploymentPostprocessing = 0;
		};
		A490FE482879ED6700C29710 /* Sources */ = {
			isa = PBXSourcesBuildPhase;
			buildActionMask = 2147483647;
			files = (
				A4B3073F28C640730051456D /* HomeScreenViewModelTests.swift in Sources */,
				A42D54302883813E00F4FB05 /* EditDinosaurViewModelTests.swift in Sources */,
				A42D542C2883806300F4FB05 /* DinosaurStatsViewModelTests.swift in Sources */,
			);
			runOnlyForDeploymentPostprocessing = 0;
		};
/* End PBXSourcesBuildPhase section */

/* Begin PBXTargetDependency section */
		A490FE512879ED6700C29710 /* PBXTargetDependency */ = {
			isa = PBXTargetDependency;
			target = A46B829F2873E20C00E48202 /* Arkulator */;
			targetProxy = A490FE502879ED6700C29710 /* PBXContainerItemProxy */;
		};
/* End PBXTargetDependency section */

/* Begin XCBuildConfiguration section */
		A46B82AC2873E20F00E48202 /* Debug */ = {
			isa = XCBuildConfiguration;
			buildSettings = {
				ALWAYS_SEARCH_USER_PATHS = NO;
				CLANG_ANALYZER_NONNULL = YES;
				CLANG_ANALYZER_NUMBER_OBJECT_CONVERSION = YES_AGGRESSIVE;
				CLANG_CXX_LANGUAGE_STANDARD = "gnu++17";
				CLANG_ENABLE_MODULES = YES;
				CLANG_ENABLE_OBJC_ARC = YES;
				CLANG_ENABLE_OBJC_WEAK = YES;
				CLANG_WARN_BLOCK_CAPTURE_AUTORELEASING = YES;
				CLANG_WARN_BOOL_CONVERSION = YES;
				CLANG_WARN_COMMA = YES;
				CLANG_WARN_CONSTANT_CONVERSION = YES;
				CLANG_WARN_DEPRECATED_OBJC_IMPLEMENTATIONS = YES;
				CLANG_WARN_DIRECT_OBJC_ISA_USAGE = YES_ERROR;
				CLANG_WARN_DOCUMENTATION_COMMENTS = YES;
				CLANG_WARN_EMPTY_BODY = YES;
				CLANG_WARN_ENUM_CONVERSION = YES;
				CLANG_WARN_INFINITE_RECURSION = YES;
				CLANG_WARN_INT_CONVERSION = YES;
				CLANG_WARN_NON_LITERAL_NULL_CONVERSION = YES;
				CLANG_WARN_OBJC_IMPLICIT_RETAIN_SELF = YES;
				CLANG_WARN_OBJC_LITERAL_CONVERSION = YES;
				CLANG_WARN_OBJC_ROOT_CLASS = YES_ERROR;
				CLANG_WARN_QUOTED_INCLUDE_IN_FRAMEWORK_HEADER = YES;
				CLANG_WARN_RANGE_LOOP_ANALYSIS = YES;
				CLANG_WARN_STRICT_PROTOTYPES = YES;
				CLANG_WARN_SUSPICIOUS_MOVE = YES;
				CLANG_WARN_UNGUARDED_AVAILABILITY = YES_AGGRESSIVE;
				CLANG_WARN_UNREACHABLE_CODE = YES;
				CLANG_WARN__DUPLICATE_METHOD_MATCH = YES;
				COPY_PHASE_STRIP = NO;
				DEBUG_INFORMATION_FORMAT = dwarf;
				ENABLE_STRICT_OBJC_MSGSEND = YES;
				ENABLE_TESTABILITY = YES;
				GCC_C_LANGUAGE_STANDARD = gnu11;
				GCC_DYNAMIC_NO_PIC = NO;
				GCC_NO_COMMON_BLOCKS = YES;
				GCC_OPTIMIZATION_LEVEL = 0;
				GCC_PREPROCESSOR_DEFINITIONS = (
					"DEBUG=1",
					"$(inherited)",
				);
				GCC_WARN_64_TO_32_BIT_CONVERSION = YES;
				GCC_WARN_ABOUT_RETURN_TYPE = YES_ERROR;
				GCC_WARN_UNDECLARED_SELECTOR = YES;
				GCC_WARN_UNINITIALIZED_AUTOS = YES_AGGRESSIVE;
				GCC_WARN_UNUSED_FUNCTION = YES;
				GCC_WARN_UNUSED_VARIABLE = YES;
				IPHONEOS_DEPLOYMENT_TARGET = 15.0;
				MTL_ENABLE_DEBUG_INFO = INCLUDE_SOURCE;
				MTL_FAST_MATH = YES;
				ONLY_ACTIVE_ARCH = YES;
				SDKROOT = iphoneos;
				SWIFT_ACTIVE_COMPILATION_CONDITIONS = DEBUG;
				SWIFT_OPTIMIZATION_LEVEL = "-Onone";
			};
			name = Debug;
		};
		A46B82AD2873E20F00E48202 /* Release */ = {
			isa = XCBuildConfiguration;
			buildSettings = {
				ALWAYS_SEARCH_USER_PATHS = NO;
				CLANG_ANALYZER_NONNULL = YES;
				CLANG_ANALYZER_NUMBER_OBJECT_CONVERSION = YES_AGGRESSIVE;
				CLANG_CXX_LANGUAGE_STANDARD = "gnu++17";
				CLANG_ENABLE_MODULES = YES;
				CLANG_ENABLE_OBJC_ARC = YES;
				CLANG_ENABLE_OBJC_WEAK = YES;
				CLANG_WARN_BLOCK_CAPTURE_AUTORELEASING = YES;
				CLANG_WARN_BOOL_CONVERSION = YES;
				CLANG_WARN_COMMA = YES;
				CLANG_WARN_CONSTANT_CONVERSION = YES;
				CLANG_WARN_DEPRECATED_OBJC_IMPLEMENTATIONS = YES;
				CLANG_WARN_DIRECT_OBJC_ISA_USAGE = YES_ERROR;
				CLANG_WARN_DOCUMENTATION_COMMENTS = YES;
				CLANG_WARN_EMPTY_BODY = YES;
				CLANG_WARN_ENUM_CONVERSION = YES;
				CLANG_WARN_INFINITE_RECURSION = YES;
				CLANG_WARN_INT_CONVERSION = YES;
				CLANG_WARN_NON_LITERAL_NULL_CONVERSION = YES;
				CLANG_WARN_OBJC_IMPLICIT_RETAIN_SELF = YES;
				CLANG_WARN_OBJC_LITERAL_CONVERSION = YES;
				CLANG_WARN_OBJC_ROOT_CLASS = YES_ERROR;
				CLANG_WARN_QUOTED_INCLUDE_IN_FRAMEWORK_HEADER = YES;
				CLANG_WARN_RANGE_LOOP_ANALYSIS = YES;
				CLANG_WARN_STRICT_PROTOTYPES = YES;
				CLANG_WARN_SUSPICIOUS_MOVE = YES;
				CLANG_WARN_UNGUARDED_AVAILABILITY = YES_AGGRESSIVE;
				CLANG_WARN_UNREACHABLE_CODE = YES;
				CLANG_WARN__DUPLICATE_METHOD_MATCH = YES;
				COPY_PHASE_STRIP = NO;
				DEBUG_INFORMATION_FORMAT = "dwarf-with-dsym";
				ENABLE_NS_ASSERTIONS = NO;
				ENABLE_STRICT_OBJC_MSGSEND = YES;
				GCC_C_LANGUAGE_STANDARD = gnu11;
				GCC_NO_COMMON_BLOCKS = YES;
				GCC_WARN_64_TO_32_BIT_CONVERSION = YES;
				GCC_WARN_ABOUT_RETURN_TYPE = YES_ERROR;
				GCC_WARN_UNDECLARED_SELECTOR = YES;
				GCC_WARN_UNINITIALIZED_AUTOS = YES_AGGRESSIVE;
				GCC_WARN_UNUSED_FUNCTION = YES;
				GCC_WARN_UNUSED_VARIABLE = YES;
				IPHONEOS_DEPLOYMENT_TARGET = 15.0;
				MTL_ENABLE_DEBUG_INFO = NO;
				MTL_FAST_MATH = YES;
				SDKROOT = iphoneos;
				SWIFT_COMPILATION_MODE = wholemodule;
				SWIFT_OPTIMIZATION_LEVEL = "-O";
				VALIDATE_PRODUCT = YES;
			};
			name = Release;
		};
		A46B82AF2873E20F00E48202 /* Debug */ = {
			isa = XCBuildConfiguration;
			baseConfigurationReference = 3C383B74E6B57E30A8A4D419 /* Pods-Arkulator.debug.xcconfig */;
			buildSettings = {
				ASSETCATALOG_COMPILER_APPICON_NAME = AppIcon;
				ASSETCATALOG_COMPILER_GLOBAL_ACCENT_COLOR_NAME = AccentColor;
				CODE_SIGN_STYLE = Automatic;
				CURRENT_PROJECT_VERSION = 1;
				DEVELOPMENT_ASSET_PATHS = "\"Arkulator/Preview Content\"";
				DEVELOPMENT_TEAM = 5P4JJDT7CR;
				ENABLE_PREVIEWS = YES;
				GENERATE_INFOPLIST_FILE = YES;
				INFOPLIST_KEY_UIApplicationSceneManifest_Generation = YES;
				INFOPLIST_KEY_UIApplicationSupportsIndirectInputEvents = YES;
				INFOPLIST_KEY_UILaunchScreen_Generation = YES;
				INFOPLIST_KEY_UILaunchStoryboardName = LaunchScreen;
				INFOPLIST_KEY_UISupportedInterfaceOrientations_iPad = "";
				INFOPLIST_KEY_UISupportedInterfaceOrientations_iPhone = UIInterfaceOrientationPortrait;
				INFOPLIST_KEY_UIUserInterfaceStyle = Light;
				IPHONEOS_DEPLOYMENT_TARGET = 15.0;
				LD_RUNPATH_SEARCH_PATHS = (
					"$(inherited)",
					"@executable_path/Frameworks",
				);
				MARKETING_VERSION = 1.2.1;
				PRODUCT_BUNDLE_IDENTIFIER = com.urielh.Arkulator;
				PRODUCT_NAME = "$(TARGET_NAME)";
				SWIFT_EMIT_LOC_STRINGS = YES;
				SWIFT_VERSION = 5.0;
				TARGETED_DEVICE_FAMILY = 1;
			};
			name = Debug;
		};
		A46B82B02873E20F00E48202 /* Release */ = {
			isa = XCBuildConfiguration;
			baseConfigurationReference = 0C5A7DAD7C614FF3F27656D7 /* Pods-Arkulator.release.xcconfig */;
			buildSettings = {
				ASSETCATALOG_COMPILER_APPICON_NAME = AppIcon;
				ASSETCATALOG_COMPILER_GLOBAL_ACCENT_COLOR_NAME = AccentColor;
				CODE_SIGN_STYLE = Automatic;
				CURRENT_PROJECT_VERSION = 1;
				DEVELOPMENT_ASSET_PATHS = "\"Arkulator/Preview Content\"";
				DEVELOPMENT_TEAM = 5P4JJDT7CR;
				ENABLE_PREVIEWS = YES;
				GENERATE_INFOPLIST_FILE = YES;
				INFOPLIST_KEY_UIApplicationSceneManifest_Generation = YES;
				INFOPLIST_KEY_UIApplicationSupportsIndirectInputEvents = YES;
				INFOPLIST_KEY_UILaunchScreen_Generation = YES;
				INFOPLIST_KEY_UILaunchStoryboardName = LaunchScreen;
				INFOPLIST_KEY_UISupportedInterfaceOrientations_iPad = "";
				INFOPLIST_KEY_UISupportedInterfaceOrientations_iPhone = UIInterfaceOrientationPortrait;
				INFOPLIST_KEY_UIUserInterfaceStyle = Light;
				IPHONEOS_DEPLOYMENT_TARGET = 15.0;
				LD_RUNPATH_SEARCH_PATHS = (
					"$(inherited)",
					"@executable_path/Frameworks",
				);
				MARKETING_VERSION = 1.2.1;
				PRODUCT_BUNDLE_IDENTIFIER = com.urielh.Arkulator;
				PRODUCT_NAME = "$(TARGET_NAME)";
				SWIFT_EMIT_LOC_STRINGS = YES;
				SWIFT_VERSION = 5.0;
				TARGETED_DEVICE_FAMILY = 1;
			};
			name = Release;
		};
		A490FE532879ED6700C29710 /* Debug */ = {
			isa = XCBuildConfiguration;
			buildSettings = {
				BUNDLE_LOADER = "$(TEST_HOST)";
				CODE_SIGN_STYLE = Automatic;
				CURRENT_PROJECT_VERSION = 1;
				DEVELOPMENT_TEAM = 5P4JJDT7CR;
				GENERATE_INFOPLIST_FILE = YES;
				IPHONEOS_DEPLOYMENT_TARGET = 15.4;
				MARKETING_VERSION = 1.0;
				PRODUCT_BUNDLE_IDENTIFIER = com.urielh.ArkulatorTests;
				PRODUCT_NAME = "$(TARGET_NAME)";
				SWIFT_EMIT_LOC_STRINGS = NO;
				SWIFT_VERSION = 5.0;
				TARGETED_DEVICE_FAMILY = "1,2";
				TEST_HOST = "$(BUILT_PRODUCTS_DIR)/Arkulator.app/Arkulator";
			};
			name = Debug;
		};
		A490FE542879ED6700C29710 /* Release */ = {
			isa = XCBuildConfiguration;
			buildSettings = {
				BUNDLE_LOADER = "$(TEST_HOST)";
				CODE_SIGN_STYLE = Automatic;
				CURRENT_PROJECT_VERSION = 1;
				DEVELOPMENT_TEAM = 5P4JJDT7CR;
				GENERATE_INFOPLIST_FILE = YES;
				IPHONEOS_DEPLOYMENT_TARGET = 15.4;
				MARKETING_VERSION = 1.0;
				PRODUCT_BUNDLE_IDENTIFIER = com.urielh.ArkulatorTests;
				PRODUCT_NAME = "$(TARGET_NAME)";
				SWIFT_EMIT_LOC_STRINGS = NO;
				SWIFT_VERSION = 5.0;
				TARGETED_DEVICE_FAMILY = "1,2";
				TEST_HOST = "$(BUILT_PRODUCTS_DIR)/Arkulator.app/Arkulator";
			};
			name = Release;
		};
/* End XCBuildConfiguration section */

/* Begin XCConfigurationList section */
		A46B829B2873E20C00E48202 /* Build configuration list for PBXProject "Arkulator" */ = {
			isa = XCConfigurationList;
			buildConfigurations = (
				A46B82AC2873E20F00E48202 /* Debug */,
				A46B82AD2873E20F00E48202 /* Release */,
			);
			defaultConfigurationIsVisible = 0;
			defaultConfigurationName = Release;
		};
		A46B82AE2873E20F00E48202 /* Build configuration list for PBXNativeTarget "Arkulator" */ = {
			isa = XCConfigurationList;
			buildConfigurations = (
				A46B82AF2873E20F00E48202 /* Debug */,
				A46B82B02873E20F00E48202 /* Release */,
			);
			defaultConfigurationIsVisible = 0;
			defaultConfigurationName = Release;
		};
		A490FE522879ED6700C29710 /* Build configuration list for PBXNativeTarget "ArkulatorTests" */ = {
			isa = XCConfigurationList;
			buildConfigurations = (
				A490FE532879ED6700C29710 /* Debug */,
				A490FE542879ED6700C29710 /* Release */,
			);
			defaultConfigurationIsVisible = 0;
			defaultConfigurationName = Release;
		};
/* End XCConfigurationList section */
	};
	rootObject = A46B82982873E20C00E48202 /* Project object */;
}
